{
  "pins" : [
    {
      "identity" : "fork",
      "kind" : "remoteSourceControl",
      "location" : "https://github.com/0xLeif/Fork.git",
      "state" : {
        "revision" : "7682617694979adcf1f8b08d1507c865cad81ae4",
        "version" : "1.2.0"
      }
    },
    {
      "identity" : "o",
      "kind" : "remoteSourceControl",
      "location" : "https://github.com/0xOpenBytes/o",
      "state" : {
        "revision" : "ff49e4ab5aa8da9fbae26242aec49faeed438cf4",
        "version" : "2.0.0"
      }
    },
    {
      "identity" : "rainbow",
      "kind" : "remoteSourceControl",
      "location" : "https://github.com/onevcat/Rainbow",
      "state" : {
        "revision" : "e0dada9cd44e3fa7ec3b867e49a8ddbf543e3df3",
        "version" : "4.0.1"
      }
    },
    {
      "identity" : "sh",
      "kind" : "remoteSourceControl",
      "location" : "https://github.com/FullQueueDeveloper/Sh.git",
      "state" : {
        "revision" : "a40bba19d8085761e051fa1f0d5937259fa2e17a",
        "version" : "1.2.0"
      }
    },
    {
      "identity" : "shgit",
      "kind" : "remoteSourceControl",
      "location" : "https://github.com/FullQueueDeveloper/ShGit.git",
      "state" : {
        "revision" : "b0fab32154eb98da6cb327fefec56729473869a6",
        "version" : "1.1.0"
      }
    },
    {
      "identity" : "shxcrun",
      "kind" : "remoteSourceControl",
      "location" : "https://github.com/FullQueueDeveloper/ShXcrun.git",
      "state" : {
        "revision" : "c84151a8c208de50f7ac5f3bcd096a538b4e120d",
        "version" : "0.3.0"
      }
    },
    {
      "identity" : "swiftdraw",
      "kind" : "remoteSourceControl",
      "location" : "https://github.com/swhitty/SwiftDraw.git",
      "state" : {
        "revision" : "cabfd9fe8199fedeb75f259fb30268cfbc2042c3",
        "version" : "0.13.3"
      }
    },
    {
      "identity" : "swishappstore",
      "kind" : "remoteSourceControl",
      "location" : "https://github.com/FullQueueDeveloper/SwishAppStore.git",
      "state" : {
        "revision" : "b7aa3d8b29cc28f9ef5ea886d0e5fc94d9e30968",
        "version" : "0.2.0"
      }
    },
    {
      "identity" : "swishxcassets",
      "kind" : "remoteSourceControl",
      "location" : "https://github.com/FullQueueDeveloper/SwishXCAssets.git",
      "state" : {
        "revision" : "efa97e96c9d9a92a1095dc6fd7bcde6d91bb31c5",
        "version" : "0.2.0"
      }
    }
  ],
  "version" : 2
}
