{
  "pins" : [
    {
      "identity" : "fork",
      "kind" : "remoteSourceControl",
      "location" : "https://github.com/0xLeif/Fork.git",
      "state" : {
        "revision" : "7682617694979adcf1f8b08d1507c865cad81ae4",
        "version" : "1.2.0"
      }
    },
    {
      "identity" : "rainbow",
      "kind" : "remoteSourceControl",
      "location" : "https://github.com/onevcat/Rainbow",
      "state" : {
        "revision" : "e0dada9cd44e3fa7ec3b867e49a8ddbf543e3df3",
        "version" : "4.0.1"
      }
    },
    {
      "identity" : "sh",
      "kind" : "remoteSourceControl",
      "location" : "https://github.com/FullQueueDeveloper/Sh.git",
      "state" : {
        "revision" : "fc6bfa4c6562436d1bc681e205ceeca78662d966",
        "version" : "1.0.2"
      }
    },
    {
      "identity" : "shgit",
      "kind" : "remoteSourceControl",
      "location" : "https://github.com/FullQueueDeveloper/ShGit.git",
      "state" : {
        "revision" : "5864984250d268aeb6afd8326eae9b568015b3a2",
        "version" : "1.0.0"
      }
    },
    {
      "identity" : "shxcrun",
      "kind" : "remoteSourceControl",
      "location" : "https://github.com/FullQueueDeveloper/ShXcrun.git",
      "state" : {
        "revision" : "6872937e755fdfc863d0e5874d7b820511e60a30",
        "version" : "0.1.9"
      }
    },
    {
      "identity" : "swiftdraw",
      "kind" : "remoteSourceControl",
      "location" : "https://github.com/swhitty/SwiftDraw.git",
      "state" : {
        "revision" : "cabfd9fe8199fedeb75f259fb30268cfbc2042c3",
        "version" : "0.13.3"
      }
    }
  ],
  "version" : 2
}
