// !$*UTF8*$!
{
	archiveVersion = 1;
	classes = {
	};
	objectVersion = 56;
	objects = {

/* Begin PBXBuildFile section */
		2937EAED296368B200BBC0E6 /* baseApp.swift in Sources */ = {isa = PBXBuildFile; fileRef = 2937EAEC296368B200BBC0E6 /* baseApp.swift */; };
		2937EAF1296368B200BBC0E6 /* Assets.xcassets in Resources */ = {isa = PBXBuildFile; fileRef = 2937EAF0296368B200BBC0E6 /* Assets.xcassets */; };
		2937EAF4296368B200BBC0E6 /* Preview Assets.xcassets in Resources */ = {isa = PBXBuildFile; fileRef = 2937EAF3296368B200BBC0E6 /* Preview Assets.xcassets */; };
		2937EAFE296368B300BBC0E6 /* baseTests.swift in Sources */ = {isa = PBXBuildFile; fileRef = 2937EAFD296368B300BBC0E6 /* baseTests.swift */; };
		2937EB6F29636BEB00BBC0E6 /* AppSettings.swift in Sources */ = {isa = PBXBuildFile; fileRef = 2937EB1729636BEA00BBC0E6 /* AppSettings.swift */; };
		2937EB7029636BEB00BBC0E6 /* HomeScreen.swift in Sources */ = {isa = PBXBuildFile; fileRef = 2937EB1A29636BEA00BBC0E6 /* HomeScreen.swift */; };
		2937EB7129636BEB00BBC0E6 /* RootView.swift in Sources */ = {isa = PBXBuildFile; fileRef = 2937EB1B29636BEA00BBC0E6 /* RootView.swift */; };
		2937EB7229636BEB00BBC0E6 /* SearchScreen.swift in Sources */ = {isa = PBXBuildFile; fileRef = 2937EB1D29636BEA00BBC0E6 /* SearchScreen.swift */; };
		2937EB7329636BEB00BBC0E6 /* ProfileScreen.swift in Sources */ = {isa = PBXBuildFile; fileRef = 2937EB1F29636BEA00BBC0E6 /* ProfileScreen.swift */; };
		2937EB7629636BEB00BBC0E6 /* RegisterNetworking.swift in Sources */ = {isa = PBXBuildFile; fileRef = 2937EB2329636BEA00BBC0E6 /* RegisterNetworking.swift */; };
		2937EB7729636BEB00BBC0E6 /* RegisterViewModel.swift in Sources */ = {isa = PBXBuildFile; fileRef = 2937EB2429636BEA00BBC0E6 /* RegisterViewModel.swift */; };
		2937EB7829636BEB00BBC0E6 /* RegisterFields.swift in Sources */ = {isa = PBXBuildFile; fileRef = 2937EB2529636BEA00BBC0E6 /* RegisterFields.swift */; };
		2937EB7929636BEB00BBC0E6 /* LoginScreen.swift in Sources */ = {isa = PBXBuildFile; fileRef = 2937EB2629636BEA00BBC0E6 /* LoginScreen.swift */; };
		2937EB8029636BEB00BBC0E6 /* ImageView.swift in Sources */ = {isa = PBXBuildFile; fileRef = 2937EB2F29636BEA00BBC0E6 /* ImageView.swift */; };
		2937EB8129636BEB00BBC0E6 /* Taskable.swift in Sources */ = {isa = PBXBuildFile; fileRef = 2937EB3129636BEA00BBC0E6 /* Taskable.swift */; };
		2937EB8229636BEB00BBC0E6 /* Usable.swift in Sources */ = {isa = PBXBuildFile; fileRef = 2937EB3229636BEA00BBC0E6 /* Usable.swift */; };
		2937EB8529636BEB00BBC0E6 /* ToastStyle.swift in Sources */ = {isa = PBXBuildFile; fileRef = 2937EB3629636BEA00BBC0E6 /* ToastStyle.swift */; };
		2937EB8629636BEB00BBC0E6 /* ToastModifier.swift in Sources */ = {isa = PBXBuildFile; fileRef = 2937EB3729636BEA00BBC0E6 /* ToastModifier.swift */; };
		2937EB8729636BEB00BBC0E6 /* ToastNotificationView.swift in Sources */ = {isa = PBXBuildFile; fileRef = 2937EB3829636BEA00BBC0E6 /* ToastNotificationView.swift */; };
		2937EB8829636BEB00BBC0E6 /* AuthNetworking.swift in Sources */ = {isa = PBXBuildFile; fileRef = 2937EB3B29636BEA00BBC0E6 /* AuthNetworking.swift */; };
		2937EB8929636BEB00BBC0E6 /* AuthNetworking+Models.swift in Sources */ = {isa = PBXBuildFile; fileRef = 2937EB3C29636BEA00BBC0E6 /* AuthNetworking+Models.swift */; };
		2937EB8A29636BEB00BBC0E6 /* NetworkCapabilities.swift in Sources */ = {isa = PBXBuildFile; fileRef = 2937EB3E29636BEA00BBC0E6 /* NetworkCapabilities.swift */; };
		2937EB8B29636BEB00BBC0E6 /* AuthNetworking+Default.swift in Sources */ = {isa = PBXBuildFile; fileRef = 2937EB3F29636BEA00BBC0E6 /* AuthNetworking+Default.swift */; };
		2937EB8C29636BEB00BBC0E6 /* DiskCapabilities.swift in Sources */ = {isa = PBXBuildFile; fileRef = 2937EB4129636BEA00BBC0E6 /* DiskCapabilities.swift */; };
		2937EB8D29636BEB00BBC0E6 /* ForwardNavigatable.swift in Sources */ = {isa = PBXBuildFile; fileRef = 2937EB4429636BEA00BBC0E6 /* ForwardNavigatable.swift */; };
		2937EB8E29636BEB00BBC0E6 /* ModalPresenting.swift in Sources */ = {isa = PBXBuildFile; fileRef = 2937EB4529636BEA00BBC0E6 /* ModalPresenting.swift */; };
		2937EB8F29636BEB00BBC0E6 /* ToastPresenting.swift in Sources */ = {isa = PBXBuildFile; fileRef = 2937EB4629636BEA00BBC0E6 /* ToastPresenting.swift */; };
		2937EB9029636BEB00BBC0E6 /* ActionSheetPresenting.swift in Sources */ = {isa = PBXBuildFile; fileRef = 2937EB4729636BEA00BBC0E6 /* ActionSheetPresenting.swift */; };
		2937EB9129636BEB00BBC0E6 /* BackwardNavigatable.swift in Sources */ = {isa = PBXBuildFile; fileRef = 2937EB4829636BEA00BBC0E6 /* BackwardNavigatable.swift */; };
		2937EB9229636BEB00BBC0E6 /* AlertPresenting.swift in Sources */ = {isa = PBXBuildFile; fileRef = 2937EB4929636BEA00BBC0E6 /* AlertPresenting.swift */; };
		2937EB9329636BEB00BBC0E6 /* Navigation.swift in Sources */ = {isa = PBXBuildFile; fileRef = 2937EB4A29636BEA00BBC0E6 /* Navigation.swift */; };
		2937EB9429636BEB00BBC0E6 /* CartographyPath.swift in Sources */ = {isa = PBXBuildFile; fileRef = 2937EB4C29636BEA00BBC0E6 /* CartographyPath.swift */; };
		2937EB9529636BEB00BBC0E6 /* CartographyAlert.swift in Sources */ = {isa = PBXBuildFile; fileRef = 2937EB4D29636BEA00BBC0E6 /* CartographyAlert.swift */; };
		2937EB9629636BEB00BBC0E6 /* CartographyModal.swift in Sources */ = {isa = PBXBuildFile; fileRef = 2937EB4E29636BEA00BBC0E6 /* CartographyModal.swift */; };
		2937EB9729636BEB00BBC0E6 /* CartographyView.swift in Sources */ = {isa = PBXBuildFile; fileRef = 2937EB4F29636BEA00BBC0E6 /* CartographyView.swift */; };
		2937EB9829636BEB00BBC0E6 /* CartographyActionSheet.swift in Sources */ = {isa = PBXBuildFile; fileRef = 2937EB5029636BEA00BBC0E6 /* CartographyActionSheet.swift */; };
		2937EB9929636BEB00BBC0E6 /* CartographyToast.swift in Sources */ = {isa = PBXBuildFile; fileRef = 2937EB5129636BEA00BBC0E6 /* CartographyToast.swift */; };
		2937EB9A29636BEB00BBC0E6 /* ImageCache.swift in Sources */ = {isa = PBXBuildFile; fileRef = 2937EB5529636BEA00BBC0E6 /* ImageCache.swift */; };
		2937EB9B29636BEB00BBC0E6 /* DataCache.swift in Sources */ = {isa = PBXBuildFile; fileRef = 2937EB5729636BEA00BBC0E6 /* DataCache.swift */; };
		2937EB9C29636BEB00BBC0E6 /* DataCaching.swift in Sources */ = {isa = PBXBuildFile; fileRef = 2937EB5829636BEA00BBC0E6 /* DataCaching.swift */; };
		2937EB9D29636BEB00BBC0E6 /* Mock.swift in Sources */ = {isa = PBXBuildFile; fileRef = 2937EB5B29636BEB00BBC0E6 /* Mock.swift */; };
		2937EB9E29636BEB00BBC0E6 /* MockData.swift in Sources */ = {isa = PBXBuildFile; fileRef = 2937EB5C29636BEB00BBC0E6 /* MockData.swift */; };
		2937EB9F29636BEB00BBC0E6 /* NetworkColor.swift in Sources */ = {isa = PBXBuildFile; fileRef = 2937EB5E29636BEB00BBC0E6 /* NetworkColor.swift */; };
		2937EBA029636BEB00BBC0E6 /* NetworkUser.swift in Sources */ = {isa = PBXBuildFile; fileRef = 2937EB5F29636BEB00BBC0E6 /* NetworkUser.swift */; };
		2937EBA229636BEB00BBC0E6 /* Adaptable.swift in Sources */ = {isa = PBXBuildFile; fileRef = 2937EB6229636BEB00BBC0E6 /* Adaptable.swift */; };
		2937EBA329636BEB00BBC0E6 /* UserAdapter.swift in Sources */ = {isa = PBXBuildFile; fileRef = 2937EB6329636BEB00BBC0E6 /* UserAdapter.swift */; };
		2937EBA529636BEB00BBC0E6 /* mock-user.json in Resources */ = {isa = PBXBuildFile; fileRef = 2937EB6629636BEB00BBC0E6 /* mock-user.json */; };
		2937EBA729636BEB00BBC0E6 /* User.swift in Sources */ = {isa = PBXBuildFile; fileRef = 2937EB6929636BEB00BBC0E6 /* User.swift */; };
		2937EBAB29636BEB00BBC0E6 /* NotifcationCapabilities.swift in Sources */ = {isa = PBXBuildFile; fileRef = 2937EB6E29636BEB00BBC0E6 /* NotifcationCapabilities.swift */; };
		2937EBB929636CB600BBC0E6 /* ExampleAdapterTest.swift in Sources */ = {isa = PBXBuildFile; fileRef = 2937EBAE29636CB600BBC0E6 /* ExampleAdapterTest.swift */; };
		2937EBBB29636CB600BBC0E6 /* RegisterViewModelTests.swift in Sources */ = {isa = PBXBuildFile; fileRef = 2937EBB129636CB600BBC0E6 /* RegisterViewModelTests.swift */; };
		2937EBBC29636CB600BBC0E6 /* RegisterPayloadTests.swift in Sources */ = {isa = PBXBuildFile; fileRef = 2937EBB329636CB600BBC0E6 /* RegisterPayloadTests.swift */; };
		2937EBBD29636CB600BBC0E6 /* DataCacheTests.swift in Sources */ = {isa = PBXBuildFile; fileRef = 2937EBB629636CB600BBC0E6 /* DataCacheTests.swift */; };
		2937EBBE29636CB600BBC0E6 /* ImageCacheTests.swift in Sources */ = {isa = PBXBuildFile; fileRef = 2937EBB729636CB600BBC0E6 /* ImageCacheTests.swift */; };
		2937EBC129636CE500BBC0E6 /* Fork in Frameworks */ = {isa = PBXBuildFile; productRef = 2937EBC029636CE500BBC0E6 /* Fork */; };
		2937EBC429636D0600BBC0E6 /* o in Frameworks */ = {isa = PBXBuildFile; productRef = 2937EBC329636D0600BBC0E6 /* o */; };
		2937EBC729636D1500BBC0E6 /* c in Frameworks */ = {isa = PBXBuildFile; productRef = 2937EBC629636D1500BBC0E6 /* c */; };
		2937EBCA2963715000BBC0E6 /* ColorAdapter.swift in Sources */ = {isa = PBXBuildFile; fileRef = 2937EBC92963715000BBC0E6 /* ColorAdapter.swift */; };
/* End PBXBuildFile section */

/* Begin PBXContainerItemProxy section */
		2937EAFA296368B300BBC0E6 /* PBXContainerItemProxy */ = {
			isa = PBXContainerItemProxy;
			containerPortal = 2937EAE1296368B200BBC0E6 /* Project object */;
			proxyType = 1;
			remoteGlobalIDString = 2937EAE8296368B200BBC0E6;
			remoteInfo = base;
		};
/* End PBXContainerItemProxy section */

/* Begin PBXFileReference section */
		2937EAE9296368B200BBC0E6 /* base.app */ = {isa = PBXFileReference; explicitFileType = wrapper.application; includeInIndex = 0; path = base.app; sourceTree = BUILT_PRODUCTS_DIR; };
		2937EAEC296368B200BBC0E6 /* baseApp.swift */ = {isa = PBXFileReference; lastKnownFileType = sourcecode.swift; path = baseApp.swift; sourceTree = "<group>"; };
		2937EAF0296368B200BBC0E6 /* Assets.xcassets */ = {isa = PBXFileReference; lastKnownFileType = folder.assetcatalog; path = Assets.xcassets; sourceTree = "<group>"; };
		2937EAF3296368B200BBC0E6 /* Preview Assets.xcassets */ = {isa = PBXFileReference; lastKnownFileType = folder.assetcatalog; path = "Preview Assets.xcassets"; sourceTree = "<group>"; };
		2937EAF9296368B300BBC0E6 /* baseTests.xctest */ = {isa = PBXFileReference; explicitFileType = wrapper.cfbundle; includeInIndex = 0; path = baseTests.xctest; sourceTree = BUILT_PRODUCTS_DIR; };
		2937EAFD296368B300BBC0E6 /* baseTests.swift */ = {isa = PBXFileReference; lastKnownFileType = sourcecode.swift; path = baseTests.swift; sourceTree = "<group>"; };
		2937EB1729636BEA00BBC0E6 /* AppSettings.swift */ = {isa = PBXFileReference; fileEncoding = 4; lastKnownFileType = sourcecode.swift; path = AppSettings.swift; sourceTree = "<group>"; };
		2937EB1A29636BEA00BBC0E6 /* HomeScreen.swift */ = {isa = PBXFileReference; fileEncoding = 4; lastKnownFileType = sourcecode.swift; path = HomeScreen.swift; sourceTree = "<group>"; };
		2937EB1B29636BEA00BBC0E6 /* RootView.swift */ = {isa = PBXFileReference; fileEncoding = 4; lastKnownFileType = sourcecode.swift; path = RootView.swift; sourceTree = "<group>"; };
		2937EB1D29636BEA00BBC0E6 /* SearchScreen.swift */ = {isa = PBXFileReference; fileEncoding = 4; lastKnownFileType = sourcecode.swift; path = SearchScreen.swift; sourceTree = "<group>"; };
		2937EB1F29636BEA00BBC0E6 /* ProfileScreen.swift */ = {isa = PBXFileReference; fileEncoding = 4; lastKnownFileType = sourcecode.swift; path = ProfileScreen.swift; sourceTree = "<group>"; };
		2937EB2329636BEA00BBC0E6 /* RegisterNetworking.swift */ = {isa = PBXFileReference; fileEncoding = 4; lastKnownFileType = sourcecode.swift; path = RegisterNetworking.swift; sourceTree = "<group>"; };
		2937EB2429636BEA00BBC0E6 /* RegisterViewModel.swift */ = {isa = PBXFileReference; fileEncoding = 4; lastKnownFileType = sourcecode.swift; path = RegisterViewModel.swift; sourceTree = "<group>"; };
		2937EB2529636BEA00BBC0E6 /* RegisterFields.swift */ = {isa = PBXFileReference; fileEncoding = 4; lastKnownFileType = sourcecode.swift; path = RegisterFields.swift; sourceTree = "<group>"; };
		2937EB2629636BEA00BBC0E6 /* LoginScreen.swift */ = {isa = PBXFileReference; fileEncoding = 4; lastKnownFileType = sourcecode.swift; path = LoginScreen.swift; sourceTree = "<group>"; };
		2937EB2F29636BEA00BBC0E6 /* ImageView.swift */ = {isa = PBXFileReference; fileEncoding = 4; lastKnownFileType = sourcecode.swift; path = ImageView.swift; sourceTree = "<group>"; };
		2937EB3129636BEA00BBC0E6 /* Taskable.swift */ = {isa = PBXFileReference; fileEncoding = 4; lastKnownFileType = sourcecode.swift; path = Taskable.swift; sourceTree = "<group>"; };
		2937EB3229636BEA00BBC0E6 /* Usable.swift */ = {isa = PBXFileReference; fileEncoding = 4; lastKnownFileType = sourcecode.swift; path = Usable.swift; sourceTree = "<group>"; };
		2937EB3629636BEA00BBC0E6 /* ToastStyle.swift */ = {isa = PBXFileReference; fileEncoding = 4; lastKnownFileType = sourcecode.swift; path = ToastStyle.swift; sourceTree = "<group>"; };
		2937EB3729636BEA00BBC0E6 /* ToastModifier.swift */ = {isa = PBXFileReference; fileEncoding = 4; lastKnownFileType = sourcecode.swift; path = ToastModifier.swift; sourceTree = "<group>"; };
		2937EB3829636BEA00BBC0E6 /* ToastNotificationView.swift */ = {isa = PBXFileReference; fileEncoding = 4; lastKnownFileType = sourcecode.swift; path = ToastNotificationView.swift; sourceTree = "<group>"; };
		2937EB3B29636BEA00BBC0E6 /* AuthNetworking.swift */ = {isa = PBXFileReference; fileEncoding = 4; lastKnownFileType = sourcecode.swift; path = AuthNetworking.swift; sourceTree = "<group>"; };
		2937EB3C29636BEA00BBC0E6 /* AuthNetworking+Models.swift */ = {isa = PBXFileReference; fileEncoding = 4; lastKnownFileType = sourcecode.swift; path = "AuthNetworking+Models.swift"; sourceTree = "<group>"; };
		2937EB3E29636BEA00BBC0E6 /* NetworkCapabilities.swift */ = {isa = PBXFileReference; fileEncoding = 4; lastKnownFileType = sourcecode.swift; path = NetworkCapabilities.swift; sourceTree = "<group>"; };
		2937EB3F29636BEA00BBC0E6 /* AuthNetworking+Default.swift */ = {isa = PBXFileReference; fileEncoding = 4; lastKnownFileType = sourcecode.swift; path = "AuthNetworking+Default.swift"; sourceTree = "<group>"; };
		2937EB4129636BEA00BBC0E6 /* DiskCapabilities.swift */ = {isa = PBXFileReference; fileEncoding = 4; lastKnownFileType = sourcecode.swift; path = DiskCapabilities.swift; sourceTree = "<group>"; };
		2937EB4429636BEA00BBC0E6 /* ForwardNavigatable.swift */ = {isa = PBXFileReference; fileEncoding = 4; lastKnownFileType = sourcecode.swift; path = ForwardNavigatable.swift; sourceTree = "<group>"; };
		2937EB4529636BEA00BBC0E6 /* ModalPresenting.swift */ = {isa = PBXFileReference; fileEncoding = 4; lastKnownFileType = sourcecode.swift; path = ModalPresenting.swift; sourceTree = "<group>"; };
		2937EB4629636BEA00BBC0E6 /* ToastPresenting.swift */ = {isa = PBXFileReference; fileEncoding = 4; lastKnownFileType = sourcecode.swift; path = ToastPresenting.swift; sourceTree = "<group>"; };
		2937EB4729636BEA00BBC0E6 /* ActionSheetPresenting.swift */ = {isa = PBXFileReference; fileEncoding = 4; lastKnownFileType = sourcecode.swift; path = ActionSheetPresenting.swift; sourceTree = "<group>"; };
		2937EB4829636BEA00BBC0E6 /* BackwardNavigatable.swift */ = {isa = PBXFileReference; fileEncoding = 4; lastKnownFileType = sourcecode.swift; path = BackwardNavigatable.swift; sourceTree = "<group>"; };
		2937EB4929636BEA00BBC0E6 /* AlertPresenting.swift */ = {isa = PBXFileReference; fileEncoding = 4; lastKnownFileType = sourcecode.swift; path = AlertPresenting.swift; sourceTree = "<group>"; };
		2937EB4A29636BEA00BBC0E6 /* Navigation.swift */ = {isa = PBXFileReference; fileEncoding = 4; lastKnownFileType = sourcecode.swift; path = Navigation.swift; sourceTree = "<group>"; };
		2937EB4C29636BEA00BBC0E6 /* CartographyPath.swift */ = {isa = PBXFileReference; fileEncoding = 4; lastKnownFileType = sourcecode.swift; path = CartographyPath.swift; sourceTree = "<group>"; };
		2937EB4D29636BEA00BBC0E6 /* CartographyAlert.swift */ = {isa = PBXFileReference; fileEncoding = 4; lastKnownFileType = sourcecode.swift; path = CartographyAlert.swift; sourceTree = "<group>"; };
		2937EB4E29636BEA00BBC0E6 /* CartographyModal.swift */ = {isa = PBXFileReference; fileEncoding = 4; lastKnownFileType = sourcecode.swift; path = CartographyModal.swift; sourceTree = "<group>"; };
		2937EB4F29636BEA00BBC0E6 /* CartographyView.swift */ = {isa = PBXFileReference; fileEncoding = 4; lastKnownFileType = sourcecode.swift; path = CartographyView.swift; sourceTree = "<group>"; };
		2937EB5029636BEA00BBC0E6 /* CartographyActionSheet.swift */ = {isa = PBXFileReference; fileEncoding = 4; lastKnownFileType = sourcecode.swift; path = CartographyActionSheet.swift; sourceTree = "<group>"; };
		2937EB5129636BEA00BBC0E6 /* CartographyToast.swift */ = {isa = PBXFileReference; fileEncoding = 4; lastKnownFileType = sourcecode.swift; path = CartographyToast.swift; sourceTree = "<group>"; };
		2937EB5529636BEA00BBC0E6 /* ImageCache.swift */ = {isa = PBXFileReference; fileEncoding = 4; lastKnownFileType = sourcecode.swift; path = ImageCache.swift; sourceTree = "<group>"; };
		2937EB5729636BEA00BBC0E6 /* DataCache.swift */ = {isa = PBXFileReference; fileEncoding = 4; lastKnownFileType = sourcecode.swift; path = DataCache.swift; sourceTree = "<group>"; };
		2937EB5829636BEA00BBC0E6 /* DataCaching.swift */ = {isa = PBXFileReference; fileEncoding = 4; lastKnownFileType = sourcecode.swift; path = DataCaching.swift; sourceTree = "<group>"; };
		2937EB5B29636BEB00BBC0E6 /* Mock.swift */ = {isa = PBXFileReference; fileEncoding = 4; lastKnownFileType = sourcecode.swift; path = Mock.swift; sourceTree = "<group>"; };
		2937EB5C29636BEB00BBC0E6 /* MockData.swift */ = {isa = PBXFileReference; fileEncoding = 4; lastKnownFileType = sourcecode.swift; path = MockData.swift; sourceTree = "<group>"; };
		2937EB5E29636BEB00BBC0E6 /* NetworkColor.swift */ = {isa = PBXFileReference; fileEncoding = 4; lastKnownFileType = sourcecode.swift; path = NetworkColor.swift; sourceTree = "<group>"; };
		2937EB5F29636BEB00BBC0E6 /* NetworkUser.swift */ = {isa = PBXFileReference; fileEncoding = 4; lastKnownFileType = sourcecode.swift; path = NetworkUser.swift; sourceTree = "<group>"; };
		2937EB6229636BEB00BBC0E6 /* Adaptable.swift */ = {isa = PBXFileReference; fileEncoding = 4; lastKnownFileType = sourcecode.swift; path = Adaptable.swift; sourceTree = "<group>"; };
		2937EB6329636BEB00BBC0E6 /* UserAdapter.swift */ = {isa = PBXFileReference; fileEncoding = 4; lastKnownFileType = sourcecode.swift; path = UserAdapter.swift; sourceTree = "<group>"; };
		2937EB6629636BEB00BBC0E6 /* mock-user.json */ = {isa = PBXFileReference; fileEncoding = 4; lastKnownFileType = text.json; path = "mock-user.json"; sourceTree = "<group>"; };
		2937EB6929636BEB00BBC0E6 /* User.swift */ = {isa = PBXFileReference; fileEncoding = 4; lastKnownFileType = sourcecode.swift; path = User.swift; sourceTree = "<group>"; };
		2937EB6E29636BEB00BBC0E6 /* NotifcationCapabilities.swift */ = {isa = PBXFileReference; fileEncoding = 4; lastKnownFileType = sourcecode.swift; path = NotifcationCapabilities.swift; sourceTree = "<group>"; };
		2937EBAE29636CB600BBC0E6 /* ExampleAdapterTest.swift */ = {isa = PBXFileReference; fileEncoding = 4; lastKnownFileType = sourcecode.swift; path = ExampleAdapterTest.swift; sourceTree = "<group>"; };
		2937EBB129636CB600BBC0E6 /* RegisterViewModelTests.swift */ = {isa = PBXFileReference; fileEncoding = 4; lastKnownFileType = sourcecode.swift; path = RegisterViewModelTests.swift; sourceTree = "<group>"; };
		2937EBB329636CB600BBC0E6 /* RegisterPayloadTests.swift */ = {isa = PBXFileReference; fileEncoding = 4; lastKnownFileType = sourcecode.swift; path = RegisterPayloadTests.swift; sourceTree = "<group>"; };
		2937EBB629636CB600BBC0E6 /* DataCacheTests.swift */ = {isa = PBXFileReference; fileEncoding = 4; lastKnownFileType = sourcecode.swift; path = DataCacheTests.swift; sourceTree = "<group>"; };
		2937EBB729636CB600BBC0E6 /* ImageCacheTests.swift */ = {isa = PBXFileReference; fileEncoding = 4; lastKnownFileType = sourcecode.swift; path = ImageCacheTests.swift; sourceTree = "<group>"; };
		2937EBC92963715000BBC0E6 /* ColorAdapter.swift */ = {isa = PBXFileReference; lastKnownFileType = sourcecode.swift; path = ColorAdapter.swift; sourceTree = "<group>"; };
/* End PBXFileReference section */

/* Begin PBXFrameworksBuildPhase section */
		2937EAE6296368B200BBC0E6 /* Frameworks */ = {
			isa = PBXFrameworksBuildPhase;
			buildActionMask = 2147483647;
			files = (
				2937EBC729636D1500BBC0E6 /* c in Frameworks */,
				2937EBC429636D0600BBC0E6 /* o in Frameworks */,
				2937EBC129636CE500BBC0E6 /* Fork in Frameworks */,
			);
			runOnlyForDeploymentPostprocessing = 0;
		};
		2937EAF6296368B300BBC0E6 /* Frameworks */ = {
			isa = PBXFrameworksBuildPhase;
			buildActionMask = 2147483647;
			files = (
			);
			runOnlyForDeploymentPostprocessing = 0;
		};
/* End PBXFrameworksBuildPhase section */

/* Begin PBXGroup section */
		2937EAE0296368B200BBC0E6 = {
			isa = PBXGroup;
			children = (
				2937EAEB296368B200BBC0E6 /* base */,
				2937EAFC296368B300BBC0E6 /* baseTests */,
				2937EAEA296368B200BBC0E6 /* Products */,
			);
			sourceTree = "<group>";
		};
		2937EAEA296368B200BBC0E6 /* Products */ = {
			isa = PBXGroup;
			children = (
				2937EAE9296368B200BBC0E6 /* base.app */,
				2937EAF9296368B300BBC0E6 /* baseTests.xctest */,
			);
			name = Products;
			sourceTree = "<group>";
		};
		2937EAEB296368B200BBC0E6 /* base */ = {
			isa = PBXGroup;
			children = (
				2937EAF0296368B200BBC0E6 /* Assets.xcassets */,
				2937EB1829636BEA00BBC0E6 /* App */,
				2937EB5929636BEB00BBC0E6 /* Data */,
				2937EB4029636BEA00BBC0E6 /* FileStorage */,
				2937EB4229636BEA00BBC0E6 /* Navigation */,
				2937EB3929636BEA00BBC0E6 /* Networking */,
				2937EB6D29636BEB00BBC0E6 /* Notifications */,
				2937EB5229636BEA00BBC0E6 /* Persistence */,
				2937EAF2296368B200BBC0E6 /* Preview Content */,
				2937EB1629636BEA00BBC0E6 /* Settings */,
				2937EB3029636BEA00BBC0E6 /* Utilities */,
			);
			path = base;
			sourceTree = "<group>";
		};
		2937EAF2296368B200BBC0E6 /* Preview Content */ = {
			isa = PBXGroup;
			children = (
				2937EAF3296368B200BBC0E6 /* Preview Assets.xcassets */,
			);
			path = "Preview Content";
			sourceTree = "<group>";
		};
		2937EAFC296368B300BBC0E6 /* baseTests */ = {
			isa = PBXGroup;
			children = (
				2937EAFD296368B300BBC0E6 /* baseTests.swift */,
				2937EBAD29636CB600BBC0E6 /* Adapters */,
				2937EBB429636CB600BBC0E6 /* Persitence */,
				2937EBB029636CB600BBC0E6 /* UserRegistration */,
				2937EBB229636CB600BBC0E6 /* Validation */,
			);
			path = baseTests;
			sourceTree = "<group>";
		};
		2937EB1629636BEA00BBC0E6 /* Settings */ = {
			isa = PBXGroup;
			children = (
				2937EB1729636BEA00BBC0E6 /* AppSettings.swift */,
			);
			path = Settings;
			sourceTree = "<group>";
		};
		2937EB1829636BEA00BBC0E6 /* App */ = {
			isa = PBXGroup;
			children = (
				2937EAEC296368B200BBC0E6 /* baseApp.swift */,
				2937EB1B29636BEA00BBC0E6 /* RootView.swift */,
				2937EB1929636BEA00BBC0E6 /* Home */,
				2937EB1E29636BEA00BBC0E6 /* Profile */,
				2937EB1C29636BEA00BBC0E6 /* Search */,
				2937EB2E29636BEA00BBC0E6 /* Views */,
			);
			path = App;
			sourceTree = "<group>";
		};
		2937EB1929636BEA00BBC0E6 /* Home */ = {
			isa = PBXGroup;
			children = (
				2937EB1A29636BEA00BBC0E6 /* HomeScreen.swift */,
			);
			path = Home;
			sourceTree = "<group>";
		};
		2937EB1C29636BEA00BBC0E6 /* Search */ = {
			isa = PBXGroup;
			children = (
				2937EB1D29636BEA00BBC0E6 /* SearchScreen.swift */,
			);
			path = Search;
			sourceTree = "<group>";
		};
		2937EB1E29636BEA00BBC0E6 /* Profile */ = {
			isa = PBXGroup;
			children = (
				2937EB2229636BEA00BBC0E6 /* Register */,
				2937EB1F29636BEA00BBC0E6 /* ProfileScreen.swift */,
				2937EB2529636BEA00BBC0E6 /* RegisterFields.swift */,
				2937EB2629636BEA00BBC0E6 /* LoginScreen.swift */,
			);
			path = Profile;
			sourceTree = "<group>";
		};
		2937EB2229636BEA00BBC0E6 /* Register */ = {
			isa = PBXGroup;
			children = (
				2937EB2329636BEA00BBC0E6 /* RegisterNetworking.swift */,
				2937EB2429636BEA00BBC0E6 /* RegisterViewModel.swift */,
			);
			path = Register;
			sourceTree = "<group>";
		};
		2937EB2E29636BEA00BBC0E6 /* Views */ = {
			isa = PBXGroup;
			children = (
				2937EBC82963701B00BBC0E6 /* Components */,
			);
			path = Views;
			sourceTree = "<group>";
		};
		2937EB3029636BEA00BBC0E6 /* Utilities */ = {
			isa = PBXGroup;
			children = (
				2937EB3129636BEA00BBC0E6 /* Taskable.swift */,
				2937EB3229636BEA00BBC0E6 /* Usable.swift */,
			);
			path = Utilities;
			sourceTree = "<group>";
		};
		2937EB3529636BEA00BBC0E6 /* Toast */ = {
			isa = PBXGroup;
			children = (
				2937EB3629636BEA00BBC0E6 /* ToastStyle.swift */,
				2937EB3729636BEA00BBC0E6 /* ToastModifier.swift */,
				2937EB3829636BEA00BBC0E6 /* ToastNotificationView.swift */,
			);
			path = Toast;
			sourceTree = "<group>";
		};
		2937EB3929636BEA00BBC0E6 /* Networking */ = {
			isa = PBXGroup;
			children = (
				2937EB3A29636BEA00BBC0E6 /* Interface */,
				2937EB3D29636BEA00BBC0E6 /* Implementation */,
			);
			path = Networking;
			sourceTree = "<group>";
		};
		2937EB3A29636BEA00BBC0E6 /* Interface */ = {
			isa = PBXGroup;
			children = (
				2937EB3B29636BEA00BBC0E6 /* AuthNetworking.swift */,
				2937EB3C29636BEA00BBC0E6 /* AuthNetworking+Models.swift */,
			);
			path = Interface;
			sourceTree = "<group>";
		};
		2937EB3D29636BEA00BBC0E6 /* Implementation */ = {
			isa = PBXGroup;
			children = (
				2937EB3E29636BEA00BBC0E6 /* NetworkCapabilities.swift */,
				2937EB3F29636BEA00BBC0E6 /* AuthNetworking+Default.swift */,
			);
			path = Implementation;
			sourceTree = "<group>";
		};
		2937EB4029636BEA00BBC0E6 /* FileStorage */ = {
			isa = PBXGroup;
			children = (
				2937EB4129636BEA00BBC0E6 /* DiskCapabilities.swift */,
			);
			path = FileStorage;
			sourceTree = "<group>";
		};
		2937EB4229636BEA00BBC0E6 /* Navigation */ = {
			isa = PBXGroup;
			children = (
				2937EB4329636BEA00BBC0E6 /* Interface */,
				2937EB4A29636BEA00BBC0E6 /* Navigation.swift */,
				2937EB4B29636BEA00BBC0E6 /* Implementation */,
			);
			path = Navigation;
			sourceTree = "<group>";
		};
		2937EB4329636BEA00BBC0E6 /* Interface */ = {
			isa = PBXGroup;
			children = (
				2937EB4429636BEA00BBC0E6 /* ForwardNavigatable.swift */,
				2937EB4529636BEA00BBC0E6 /* ModalPresenting.swift */,
				2937EB4629636BEA00BBC0E6 /* ToastPresenting.swift */,
				2937EB4729636BEA00BBC0E6 /* ActionSheetPresenting.swift */,
				2937EB4829636BEA00BBC0E6 /* BackwardNavigatable.swift */,
				2937EB4929636BEA00BBC0E6 /* AlertPresenting.swift */,
			);
			path = Interface;
			sourceTree = "<group>";
		};
		2937EB4B29636BEA00BBC0E6 /* Implementation */ = {
			isa = PBXGroup;
			children = (
				2937EB3529636BEA00BBC0E6 /* Toast */,
				2937EB4C29636BEA00BBC0E6 /* CartographyPath.swift */,
				2937EB4D29636BEA00BBC0E6 /* CartographyAlert.swift */,
				2937EB4E29636BEA00BBC0E6 /* CartographyModal.swift */,
				2937EB4F29636BEA00BBC0E6 /* CartographyView.swift */,
				2937EB5029636BEA00BBC0E6 /* CartographyActionSheet.swift */,
				2937EB5129636BEA00BBC0E6 /* CartographyToast.swift */,
			);
			path = Implementation;
			sourceTree = "<group>";
		};
		2937EB5229636BEA00BBC0E6 /* Persistence */ = {
			isa = PBXGroup;
			children = (
				2937EB5329636BEA00BBC0E6 /* Caching */,
			);
			path = Persistence;
			sourceTree = "<group>";
		};
		2937EB5329636BEA00BBC0E6 /* Caching */ = {
			isa = PBXGroup;
			children = (
				2937EB5429636BEA00BBC0E6 /* Image */,
				2937EB5629636BEA00BBC0E6 /* Data */,
			);
			path = Caching;
			sourceTree = "<group>";
		};
		2937EB5429636BEA00BBC0E6 /* Image */ = {
			isa = PBXGroup;
			children = (
				2937EB5529636BEA00BBC0E6 /* ImageCache.swift */,
			);
			path = Image;
			sourceTree = "<group>";
		};
		2937EB5629636BEA00BBC0E6 /* Data */ = {
			isa = PBXGroup;
			children = (
				2937EB5729636BEA00BBC0E6 /* DataCache.swift */,
				2937EB5829636BEA00BBC0E6 /* DataCaching.swift */,
			);
			path = Data;
			sourceTree = "<group>";
		};
		2937EB5929636BEB00BBC0E6 /* Data */ = {
			isa = PBXGroup;
			children = (
				2937EB5A29636BEB00BBC0E6 /* Mock */,
				2937EB5D29636BEB00BBC0E6 /* Network */,
				2937EB6129636BEB00BBC0E6 /* Adapters */,
				2937EB6529636BEB00BBC0E6 /* JSON */,
				2937EB6729636BEB00BBC0E6 /* Device */,
			);
			path = Data;
			sourceTree = "<group>";
		};
		2937EB5A29636BEB00BBC0E6 /* Mock */ = {
			isa = PBXGroup;
			children = (
				2937EB5B29636BEB00BBC0E6 /* Mock.swift */,
				2937EB5C29636BEB00BBC0E6 /* MockData.swift */,
			);
			path = Mock;
			sourceTree = "<group>";
		};
		2937EB5D29636BEB00BBC0E6 /* Network */ = {
			isa = PBXGroup;
			children = (
				2937EB5E29636BEB00BBC0E6 /* NetworkColor.swift */,
				2937EB5F29636BEB00BBC0E6 /* NetworkUser.swift */,
			);
			path = Network;
			sourceTree = "<group>";
		};
		2937EB6129636BEB00BBC0E6 /* Adapters */ = {
			isa = PBXGroup;
			children = (
				2937EB6229636BEB00BBC0E6 /* Adaptable.swift */,
				2937EB6329636BEB00BBC0E6 /* UserAdapter.swift */,
				2937EBC92963715000BBC0E6 /* ColorAdapter.swift */,
			);
			path = Adapters;
			sourceTree = "<group>";
		};
		2937EB6529636BEB00BBC0E6 /* JSON */ = {
			isa = PBXGroup;
			children = (
				2937EB6629636BEB00BBC0E6 /* mock-user.json */,
			);
			path = JSON;
			sourceTree = "<group>";
		};
		2937EB6729636BEB00BBC0E6 /* Device */ = {
			isa = PBXGroup;
			children = (
				2937EB6929636BEB00BBC0E6 /* User.swift */,
			);
			path = Device;
			sourceTree = "<group>";
		};
		2937EB6D29636BEB00BBC0E6 /* Notifications */ = {
			isa = PBXGroup;
			children = (
				2937EB6E29636BEB00BBC0E6 /* NotifcationCapabilities.swift */,
			);
			path = Notifications;
			sourceTree = "<group>";
		};
		2937EBAD29636CB600BBC0E6 /* Adapters */ = {
			isa = PBXGroup;
			children = (
				2937EBAE29636CB600BBC0E6 /* ExampleAdapterTest.swift */,
			);
			path = Adapters;
			sourceTree = "<group>";
		};
		2937EBB029636CB600BBC0E6 /* UserRegistration */ = {
			isa = PBXGroup;
			children = (
				2937EBB129636CB600BBC0E6 /* RegisterViewModelTests.swift */,
			);
			path = UserRegistration;
			sourceTree = "<group>";
		};
		2937EBB229636CB600BBC0E6 /* Validation */ = {
			isa = PBXGroup;
			children = (
				2937EBB329636CB600BBC0E6 /* RegisterPayloadTests.swift */,
			);
			path = Validation;
			sourceTree = "<group>";
		};
		2937EBB429636CB600BBC0E6 /* Persitence */ = {
			isa = PBXGroup;
			children = (
				2937EBB529636CB600BBC0E6 /* Caching */,
			);
			path = Persitence;
			sourceTree = "<group>";
		};
		2937EBB529636CB600BBC0E6 /* Caching */ = {
			isa = PBXGroup;
			children = (
				2937EBB629636CB600BBC0E6 /* DataCacheTests.swift */,
				2937EBB729636CB600BBC0E6 /* ImageCacheTests.swift */,
			);
			path = Caching;
			sourceTree = "<group>";
		};
		2937EBC82963701B00BBC0E6 /* Components */ = {
			isa = PBXGroup;
			children = (
				2937EB2F29636BEA00BBC0E6 /* ImageView.swift */,
			);
			path = Components;
			sourceTree = "<group>";
		};
/* End PBXGroup section */

/* Begin PBXNativeTarget section */
		2937EAE8296368B200BBC0E6 /* base */ = {
			isa = PBXNativeTarget;
			buildConfigurationList = 2937EB0D296368B300BBC0E6 /* Build configuration list for PBXNativeTarget "base" */;
			buildPhases = (
				2937EAE5296368B200BBC0E6 /* Sources */,
				2937EAE6296368B200BBC0E6 /* Frameworks */,
				2937EAE7296368B200BBC0E6 /* Resources */,
				2937EBCB2963730600BBC0E6 /* SwiftLint */,
			);
			buildRules = (
			);
			dependencies = (
			);
			name = base;
			packageProductDependencies = (
				2937EBC029636CE500BBC0E6 /* Fork */,
				2937EBC329636D0600BBC0E6 /* o */,
				2937EBC629636D1500BBC0E6 /* c */,
			);
			productName = base;
			productReference = 2937EAE9296368B200BBC0E6 /* base.app */;
			productType = "com.apple.product-type.application";
		};
		2937EAF8296368B300BBC0E6 /* baseTests */ = {
			isa = PBXNativeTarget;
			buildConfigurationList = 2937EB10296368B300BBC0E6 /* Build configuration list for PBXNativeTarget "baseTests" */;
			buildPhases = (
				2937EAF5296368B300BBC0E6 /* Sources */,
				2937EAF6296368B300BBC0E6 /* Frameworks */,
				2937EAF7296368B300BBC0E6 /* Resources */,
			);
			buildRules = (
			);
			dependencies = (
				2937EAFB296368B300BBC0E6 /* PBXTargetDependency */,
			);
			name = baseTests;
			productName = baseTests;
			productReference = 2937EAF9296368B300BBC0E6 /* baseTests.xctest */;
			productType = "com.apple.product-type.bundle.unit-test";
		};
/* End PBXNativeTarget section */

/* Begin PBXProject section */
		2937EAE1296368B200BBC0E6 /* Project object */ = {
			isa = PBXProject;
			attributes = {
				BuildIndependentTargetsInParallel = 1;
				LastSwiftUpdateCheck = 1420;
				LastUpgradeCheck = 1420;
				TargetAttributes = {
					2937EAE8296368B200BBC0E6 = {
						CreatedOnToolsVersion = 14.2;
					};
					2937EAF8296368B300BBC0E6 = {
						CreatedOnToolsVersion = 14.2;
						TestTargetID = 2937EAE8296368B200BBC0E6;
					};
				};
			};
			buildConfigurationList = 2937EAE4296368B200BBC0E6 /* Build configuration list for PBXProject "base" */;
			compatibilityVersion = "Xcode 14.0";
			developmentRegion = en;
			hasScannedForEncodings = 0;
			knownRegions = (
				en,
				Base,
			);
			mainGroup = 2937EAE0296368B200BBC0E6;
			packageReferences = (
				2937EBBF29636CE500BBC0E6 /* XCRemoteSwiftPackageReference "Fork" */,
				2937EBC229636D0600BBC0E6 /* XCRemoteSwiftPackageReference "o" */,
				2937EBC529636D1500BBC0E6 /* XCRemoteSwiftPackageReference "c" */,
			);
			productRefGroup = 2937EAEA296368B200BBC0E6 /* Products */;
			projectDirPath = "";
			projectRoot = "";
			targets = (
				2937EAE8296368B200BBC0E6 /* base */,
				2937EAF8296368B300BBC0E6 /* baseTests */,
			);
		};
/* End PBXProject section */

/* Begin PBXResourcesBuildPhase section */
		2937EAE7296368B200BBC0E6 /* Resources */ = {
			isa = PBXResourcesBuildPhase;
			buildActionMask = 2147483647;
			files = (
				2937EBA529636BEB00BBC0E6 /* mock-user.json in Resources */,
				2937EAF4296368B200BBC0E6 /* Preview Assets.xcassets in Resources */,
				2937EAF1296368B200BBC0E6 /* Assets.xcassets in Resources */,
			);
			runOnlyForDeploymentPostprocessing = 0;
		};
		2937EAF7296368B300BBC0E6 /* Resources */ = {
			isa = PBXResourcesBuildPhase;
			buildActionMask = 2147483647;
			files = (
			);
			runOnlyForDeploymentPostprocessing = 0;
		};
/* End PBXResourcesBuildPhase section */

/* Begin PBXShellScriptBuildPhase section */
		2937EBCB2963730600BBC0E6 /* SwiftLint */ = {
			isa = PBXShellScriptBuildPhase;
			alwaysOutOfDate = 1;
			buildActionMask = 2147483647;
			files = (
			);
			inputFileListPaths = (
			);
			inputPaths = (
			);
			name = SwiftLint;
			outputFileListPaths = (
			);
			outputPaths = (
			);
			runOnlyForDeploymentPostprocessing = 0;
			shellPath = /bin/sh;
			shellScript = "export PATH=\"$PATH:/opt/homebrew/bin\"\nif which swiftlint > /dev/null; then\n  swiftlint\nelse\n  echo \"warning: SwiftLint not installed, download from https://github.com/realm/SwiftLint\"\nfi\n";
		};
/* End PBXShellScriptBuildPhase section */

/* Begin PBXSourcesBuildPhase section */
		2937EAE5296368B200BBC0E6 /* Sources */ = {
			isa = PBXSourcesBuildPhase;
			buildActionMask = 2147483647;
			files = (
				2937EB8529636BEB00BBC0E6 /* ToastStyle.swift in Sources */,
				2937EB8829636BEB00BBC0E6 /* AuthNetworking.swift in Sources */,
				2937EB8029636BEB00BBC0E6 /* ImageView.swift in Sources */,
				2937EB8229636BEB00BBC0E6 /* Usable.swift in Sources */,
				2937EB8D29636BEB00BBC0E6 /* ForwardNavigatable.swift in Sources */,
				2937EB9529636BEB00BBC0E6 /* CartographyAlert.swift in Sources */,
				2937EB7929636BEB00BBC0E6 /* LoginScreen.swift in Sources */,
				2937EB7029636BEB00BBC0E6 /* HomeScreen.swift in Sources */,
				2937EBA729636BEB00BBC0E6 /* User.swift in Sources */,
				2937EB9229636BEB00BBC0E6 /* AlertPresenting.swift in Sources */,
				2937EBA029636BEB00BBC0E6 /* NetworkUser.swift in Sources */,
				2937EB8C29636BEB00BBC0E6 /* DiskCapabilities.swift in Sources */,
				2937EB9329636BEB00BBC0E6 /* Navigation.swift in Sources */,
				2937EB9029636BEB00BBC0E6 /* ActionSheetPresenting.swift in Sources */,
				2937EBAB29636BEB00BBC0E6 /* NotifcationCapabilities.swift in Sources */,
				2937EB7329636BEB00BBC0E6 /* ProfileScreen.swift in Sources */,
				2937EB9D29636BEB00BBC0E6 /* Mock.swift in Sources */,
				2937EB7829636BEB00BBC0E6 /* RegisterFields.swift in Sources */,
				2937EB9C29636BEB00BBC0E6 /* DataCaching.swift in Sources */,
				2937EB9F29636BEB00BBC0E6 /* NetworkColor.swift in Sources */,
				2937EB9B29636BEB00BBC0E6 /* DataCache.swift in Sources */,
				2937EB9729636BEB00BBC0E6 /* CartographyView.swift in Sources */,
				2937EB7729636BEB00BBC0E6 /* RegisterViewModel.swift in Sources */,
				2937EBA329636BEB00BBC0E6 /* UserAdapter.swift in Sources */,
				2937EB8129636BEB00BBC0E6 /* Taskable.swift in Sources */,
				2937EB8E29636BEB00BBC0E6 /* ModalPresenting.swift in Sources */,
				2937EB7629636BEB00BBC0E6 /* RegisterNetworking.swift in Sources */,
				2937EB9629636BEB00BBC0E6 /* CartographyModal.swift in Sources */,
				2937EBA229636BEB00BBC0E6 /* Adaptable.swift in Sources */,
				2937EB9929636BEB00BBC0E6 /* CartographyToast.swift in Sources */,
				2937EAED296368B200BBC0E6 /* baseApp.swift in Sources */,
				2937EB8929636BEB00BBC0E6 /* AuthNetworking+Models.swift in Sources */,
				2937EB9829636BEB00BBC0E6 /* CartographyActionSheet.swift in Sources */,
				2937EB8729636BEB00BBC0E6 /* ToastNotificationView.swift in Sources */,
				2937EB8A29636BEB00BBC0E6 /* NetworkCapabilities.swift in Sources */,
				2937EB6F29636BEB00BBC0E6 /* AppSettings.swift in Sources */,
				2937EB7129636BEB00BBC0E6 /* RootView.swift in Sources */,
				2937EB9E29636BEB00BBC0E6 /* MockData.swift in Sources */,
				2937EB9129636BEB00BBC0E6 /* BackwardNavigatable.swift in Sources */,
				2937EB9A29636BEB00BBC0E6 /* ImageCache.swift in Sources */,
				2937EB9429636BEB00BBC0E6 /* CartographyPath.swift in Sources */,
				2937EB8F29636BEB00BBC0E6 /* ToastPresenting.swift in Sources */,
				2937EB8629636BEB00BBC0E6 /* ToastModifier.swift in Sources */,
				2937EBCA2963715000BBC0E6 /* ColorAdapter.swift in Sources */,
				2937EB8B29636BEB00BBC0E6 /* AuthNetworking+Default.swift in Sources */,
				2937EB7229636BEB00BBC0E6 /* SearchScreen.swift in Sources */,
			);
			runOnlyForDeploymentPostprocessing = 0;
		};
		2937EAF5296368B300BBC0E6 /* Sources */ = {
			isa = PBXSourcesBuildPhase;
			buildActionMask = 2147483647;
			files = (
				2937EBBB29636CB600BBC0E6 /* RegisterViewModelTests.swift in Sources */,
				2937EBBE29636CB600BBC0E6 /* ImageCacheTests.swift in Sources */,
				2937EAFE296368B300BBC0E6 /* baseTests.swift in Sources */,
				2937EBBC29636CB600BBC0E6 /* RegisterPayloadTests.swift in Sources */,
				2937EBBD29636CB600BBC0E6 /* DataCacheTests.swift in Sources */,
				2937EBB929636CB600BBC0E6 /* ExampleAdapterTest.swift in Sources */,
			);
			runOnlyForDeploymentPostprocessing = 0;
		};
/* End PBXSourcesBuildPhase section */

/* Begin PBXTargetDependency section */
		2937EAFB296368B300BBC0E6 /* PBXTargetDependency */ = {
			isa = PBXTargetDependency;
			target = 2937EAE8296368B200BBC0E6 /* base */;
			targetProxy = 2937EAFA296368B300BBC0E6 /* PBXContainerItemProxy */;
		};
/* End PBXTargetDependency section */

/* Begin XCBuildConfiguration section */
		2937EB0B296368B300BBC0E6 /* Debug */ = {
			isa = XCBuildConfiguration;
			buildSettings = {
				ALWAYS_SEARCH_USER_PATHS = NO;
				CLANG_ANALYZER_NONNULL = YES;
				CLANG_ANALYZER_NUMBER_OBJECT_CONVERSION = YES_AGGRESSIVE;
				CLANG_CXX_LANGUAGE_STANDARD = "gnu++20";
				CLANG_ENABLE_MODULES = YES;
				CLANG_ENABLE_OBJC_ARC = YES;
				CLANG_ENABLE_OBJC_WEAK = YES;
				CLANG_WARN_BLOCK_CAPTURE_AUTORELEASING = YES;
				CLANG_WARN_BOOL_CONVERSION = YES;
				CLANG_WARN_COMMA = YES;
				CLANG_WARN_CONSTANT_CONVERSION = YES;
				CLANG_WARN_DEPRECATED_OBJC_IMPLEMENTATIONS = YES;
				CLANG_WARN_DIRECT_OBJC_ISA_USAGE = YES_ERROR;
				CLANG_WARN_DOCUMENTATION_COMMENTS = YES;
				CLANG_WARN_EMPTY_BODY = YES;
				CLANG_WARN_ENUM_CONVERSION = YES;
				CLANG_WARN_INFINITE_RECURSION = YES;
				CLANG_WARN_INT_CONVERSION = YES;
				CLANG_WARN_NON_LITERAL_NULL_CONVERSION = YES;
				CLANG_WARN_OBJC_IMPLICIT_RETAIN_SELF = YES;
				CLANG_WARN_OBJC_LITERAL_CONVERSION = YES;
				CLANG_WARN_OBJC_ROOT_CLASS = YES_ERROR;
				CLANG_WARN_QUOTED_INCLUDE_IN_FRAMEWORK_HEADER = YES;
				CLANG_WARN_RANGE_LOOP_ANALYSIS = YES;
				CLANG_WARN_STRICT_PROTOTYPES = YES;
				CLANG_WARN_SUSPICIOUS_MOVE = YES;
				CLANG_WARN_UNGUARDED_AVAILABILITY = YES_AGGRESSIVE;
				CLANG_WARN_UNREACHABLE_CODE = YES;
				CLANG_WARN__DUPLICATE_METHOD_MATCH = YES;
				COPY_PHASE_STRIP = NO;
				DEBUG_INFORMATION_FORMAT = dwarf;
				ENABLE_STRICT_OBJC_MSGSEND = YES;
				ENABLE_TESTABILITY = YES;
				GCC_C_LANGUAGE_STANDARD = gnu11;
				GCC_DYNAMIC_NO_PIC = NO;
				GCC_NO_COMMON_BLOCKS = YES;
				GCC_OPTIMIZATION_LEVEL = 0;
				GCC_PREPROCESSOR_DEFINITIONS = (
					"DEBUG=1",
					"$(inherited)",
				);
				GCC_WARN_64_TO_32_BIT_CONVERSION = YES;
				GCC_WARN_ABOUT_RETURN_TYPE = YES_ERROR;
				GCC_WARN_UNDECLARED_SELECTOR = YES;
				GCC_WARN_UNINITIALIZED_AUTOS = YES_AGGRESSIVE;
				GCC_WARN_UNUSED_FUNCTION = YES;
				GCC_WARN_UNUSED_VARIABLE = YES;
				IPHONEOS_DEPLOYMENT_TARGET = 16.1;
				MTL_ENABLE_DEBUG_INFO = INCLUDE_SOURCE;
				MTL_FAST_MATH = YES;
				ONLY_ACTIVE_ARCH = YES;
				SDKROOT = iphoneos;
				SWIFT_ACTIVE_COMPILATION_CONDITIONS = DEBUG;
				SWIFT_OPTIMIZATION_LEVEL = "-Onone";
			};
			name = Debug;
		};
		2937EB0C296368B300BBC0E6 /* Release */ = {
			isa = XCBuildConfiguration;
			buildSettings = {
				ALWAYS_SEARCH_USER_PATHS = NO;
				CLANG_ANALYZER_NONNULL = YES;
				CLANG_ANALYZER_NUMBER_OBJECT_CONVERSION = YES_AGGRESSIVE;
				CLANG_CXX_LANGUAGE_STANDARD = "gnu++20";
				CLANG_ENABLE_MODULES = YES;
				CLANG_ENABLE_OBJC_ARC = YES;
				CLANG_ENABLE_OBJC_WEAK = YES;
				CLANG_WARN_BLOCK_CAPTURE_AUTORELEASING = YES;
				CLANG_WARN_BOOL_CONVERSION = YES;
				CLANG_WARN_COMMA = YES;
				CLANG_WARN_CONSTANT_CONVERSION = YES;
				CLANG_WARN_DEPRECATED_OBJC_IMPLEMENTATIONS = YES;
				CLANG_WARN_DIRECT_OBJC_ISA_USAGE = YES_ERROR;
				CLANG_WARN_DOCUMENTATION_COMMENTS = YES;
				CLANG_WARN_EMPTY_BODY = YES;
				CLANG_WARN_ENUM_CONVERSION = YES;
				CLANG_WARN_INFINITE_RECURSION = YES;
				CLANG_WARN_INT_CONVERSION = YES;
				CLANG_WARN_NON_LITERAL_NULL_CONVERSION = YES;
				CLANG_WARN_OBJC_IMPLICIT_RETAIN_SELF = YES;
				CLANG_WARN_OBJC_LITERAL_CONVERSION = YES;
				CLANG_WARN_OBJC_ROOT_CLASS = YES_ERROR;
				CLANG_WARN_QUOTED_INCLUDE_IN_FRAMEWORK_HEADER = YES;
				CLANG_WARN_RANGE_LOOP_ANALYSIS = YES;
				CLANG_WARN_STRICT_PROTOTYPES = YES;
				CLANG_WARN_SUSPICIOUS_MOVE = YES;
				CLANG_WARN_UNGUARDED_AVAILABILITY = YES_AGGRESSIVE;
				CLANG_WARN_UNREACHABLE_CODE = YES;
				CLANG_WARN__DUPLICATE_METHOD_MATCH = YES;
				COPY_PHASE_STRIP = NO;
				DEBUG_INFORMATION_FORMAT = "dwarf-with-dsym";
				ENABLE_NS_ASSERTIONS = NO;
				ENABLE_STRICT_OBJC_MSGSEND = YES;
				GCC_C_LANGUAGE_STANDARD = gnu11;
				GCC_NO_COMMON_BLOCKS = YES;
				GCC_WARN_64_TO_32_BIT_CONVERSION = YES;
				GCC_WARN_ABOUT_RETURN_TYPE = YES_ERROR;
				GCC_WARN_UNDECLARED_SELECTOR = YES;
				GCC_WARN_UNINITIALIZED_AUTOS = YES_AGGRESSIVE;
				GCC_WARN_UNUSED_FUNCTION = YES;
				GCC_WARN_UNUSED_VARIABLE = YES;
				IPHONEOS_DEPLOYMENT_TARGET = 16.1;
				MTL_ENABLE_DEBUG_INFO = NO;
				MTL_FAST_MATH = YES;
				SDKROOT = iphoneos;
				SWIFT_COMPILATION_MODE = wholemodule;
				SWIFT_OPTIMIZATION_LEVEL = "-O";
				VALIDATE_PRODUCT = YES;
			};
			name = Release;
		};
		2937EB0E296368B300BBC0E6 /* Debug */ = {
			isa = XCBuildConfiguration;
			buildSettings = {
				ASSETCATALOG_COMPILER_APPICON_NAME = AppIcon;
				ASSETCATALOG_COMPILER_GLOBAL_ACCENT_COLOR_NAME = AccentColor;
				CODE_SIGN_STYLE = Automatic;
				CURRENT_PROJECT_VERSION = 1;
				DEVELOPMENT_ASSET_PATHS = "\"base/Preview Content\"";
				DEVELOPMENT_TEAM = "";
				ENABLE_PREVIEWS = YES;
				GENERATE_INFOPLIST_FILE = YES;
				INFOPLIST_KEY_UIApplicationSceneManifest_Generation = YES;
				INFOPLIST_KEY_UIApplicationSupportsIndirectInputEvents = YES;
				INFOPLIST_KEY_UILaunchScreen_Generation = YES;
				INFOPLIST_KEY_UISupportedInterfaceOrientations_iPad = "UIInterfaceOrientationPortrait UIInterfaceOrientationPortraitUpsideDown UIInterfaceOrientationLandscapeLeft UIInterfaceOrientationLandscapeRight";
				INFOPLIST_KEY_UISupportedInterfaceOrientations_iPhone = "UIInterfaceOrientationPortrait UIInterfaceOrientationLandscapeLeft UIInterfaceOrientationLandscapeRight";
				IPHONEOS_DEPLOYMENT_TARGET = 16.1;
				LD_RUNPATH_SEARCH_PATHS = (
					"$(inherited)",
					"@executable_path/Frameworks",
				);
				MARKETING_VERSION = 1.0;
				PRODUCT_BUNDLE_IDENTIFIER = openbytes.base;
				PRODUCT_NAME = "$(TARGET_NAME)";
				SWIFT_EMIT_LOC_STRINGS = YES;
				SWIFT_VERSION = 5.0;
				TARGETED_DEVICE_FAMILY = "1,2";
			};
			name = Debug;
		};
		2937EB0F296368B300BBC0E6 /* Release */ = {
			isa = XCBuildConfiguration;
			buildSettings = {
				ASSETCATALOG_COMPILER_APPICON_NAME = AppIcon;
				ASSETCATALOG_COMPILER_GLOBAL_ACCENT_COLOR_NAME = AccentColor;
				CODE_SIGN_STYLE = Automatic;
				CURRENT_PROJECT_VERSION = 1;
				DEVELOPMENT_ASSET_PATHS = "\"base/Preview Content\"";
				DEVELOPMENT_TEAM = "";
				ENABLE_PREVIEWS = YES;
				GENERATE_INFOPLIST_FILE = YES;
				INFOPLIST_KEY_UIApplicationSceneManifest_Generation = YES;
				INFOPLIST_KEY_UIApplicationSupportsIndirectInputEvents = YES;
				INFOPLIST_KEY_UILaunchScreen_Generation = YES;
				INFOPLIST_KEY_UISupportedInterfaceOrientations_iPad = "UIInterfaceOrientationPortrait UIInterfaceOrientationPortraitUpsideDown UIInterfaceOrientationLandscapeLeft UIInterfaceOrientationLandscapeRight";
				INFOPLIST_KEY_UISupportedInterfaceOrientations_iPhone = "UIInterfaceOrientationPortrait UIInterfaceOrientationLandscapeLeft UIInterfaceOrientationLandscapeRight";
				IPHONEOS_DEPLOYMENT_TARGET = 16.1;
				LD_RUNPATH_SEARCH_PATHS = (
					"$(inherited)",
					"@executable_path/Frameworks",
				);
				MARKETING_VERSION = 1.0;
				PRODUCT_BUNDLE_IDENTIFIER = openbytes.base;
				PRODUCT_NAME = "$(TARGET_NAME)";
				SWIFT_EMIT_LOC_STRINGS = YES;
				SWIFT_VERSION = 5.0;
				TARGETED_DEVICE_FAMILY = "1,2";
			};
			name = Release;
		};
		2937EB11296368B300BBC0E6 /* Debug */ = {
			isa = XCBuildConfiguration;
			buildSettings = {
				ALWAYS_EMBED_SWIFT_STANDARD_LIBRARIES = YES;
				BUNDLE_LOADER = "$(TEST_HOST)";
				CODE_SIGN_STYLE = Automatic;
				CURRENT_PROJECT_VERSION = 1;
				DEVELOPMENT_TEAM = 8M8SAX62V2;
				GENERATE_INFOPLIST_FILE = YES;
				IPHONEOS_DEPLOYMENT_TARGET = 16.1;
				MARKETING_VERSION = 1.0;
				PRODUCT_BUNDLE_IDENTIFIER = openbytes.baseTests;
				PRODUCT_NAME = "$(TARGET_NAME)";
				SWIFT_EMIT_LOC_STRINGS = NO;
				SWIFT_VERSION = 5.0;
				TARGETED_DEVICE_FAMILY = "1,2";
				TEST_HOST = "$(BUILT_PRODUCTS_DIR)/base.app/$(BUNDLE_EXECUTABLE_FOLDER_PATH)/base";
			};
			name = Debug;
		};
		2937EB12296368B300BBC0E6 /* Release */ = {
			isa = XCBuildConfiguration;
			buildSettings = {
				ALWAYS_EMBED_SWIFT_STANDARD_LIBRARIES = YES;
				BUNDLE_LOADER = "$(TEST_HOST)";
				CODE_SIGN_STYLE = Automatic;
				CURRENT_PROJECT_VERSION = 1;
				DEVELOPMENT_TEAM = 8M8SAX62V2;
				GENERATE_INFOPLIST_FILE = YES;
				IPHONEOS_DEPLOYMENT_TARGET = 16.1;
				MARKETING_VERSION = 1.0;
				PRODUCT_BUNDLE_IDENTIFIER = openbytes.baseTests;
				PRODUCT_NAME = "$(TARGET_NAME)";
				SWIFT_EMIT_LOC_STRINGS = NO;
				SWIFT_VERSION = 5.0;
				TARGETED_DEVICE_FAMILY = "1,2";
				TEST_HOST = "$(BUILT_PRODUCTS_DIR)/base.app/$(BUNDLE_EXECUTABLE_FOLDER_PATH)/base";
			};
			name = Release;
		};
/* End XCBuildConfiguration section */

/* Begin XCConfigurationList section */
		2937EAE4296368B200BBC0E6 /* Build configuration list for PBXProject "base" */ = {
			isa = XCConfigurationList;
			buildConfigurations = (
				2937EB0B296368B300BBC0E6 /* Debug */,
				2937EB0C296368B300BBC0E6 /* Release */,
			);
			defaultConfigurationIsVisible = 0;
			defaultConfigurationName = Release;
		};
		2937EB0D296368B300BBC0E6 /* Build configuration list for PBXNativeTarget "base" */ = {
			isa = XCConfigurationList;
			buildConfigurations = (
				2937EB0E296368B300BBC0E6 /* Debug */,
				2937EB0F296368B300BBC0E6 /* Release */,
			);
			defaultConfigurationIsVisible = 0;
			defaultConfigurationName = Release;
		};
		2937EB10296368B300BBC0E6 /* Build configuration list for PBXNativeTarget "baseTests" */ = {
			isa = XCConfigurationList;
			buildConfigurations = (
				2937EB11296368B300BBC0E6 /* Debug */,
				2937EB12296368B300BBC0E6 /* Release */,
			);
			defaultConfigurationIsVisible = 0;
			defaultConfigurationName = Release;
		};
/* End XCConfigurationList section */

/* Begin XCRemoteSwiftPackageReference section */
		2937EBBF29636CE500BBC0E6 /* XCRemoteSwiftPackageReference "Fork" */ = {
			isa = XCRemoteSwiftPackageReference;
			repositoryURL = "https://github.com/0xLeif/Fork";
			requirement = {
				kind = upToNextMajorVersion;
				minimumVersion = 1.0.0;
			};
		};
		2937EBC229636D0600BBC0E6 /* XCRemoteSwiftPackageReference "o" */ = {
			isa = XCRemoteSwiftPackageReference;
			repositoryURL = "https://github.com/0xOpenBytes/o";
			requirement = {
				kind = upToNextMinorVersion;
				minimumVersion = 0.3.0;
			};
		};
		2937EBC529636D1500BBC0E6 /* XCRemoteSwiftPackageReference "c" */ = {
			isa = XCRemoteSwiftPackageReference;
			repositoryURL = "https://github.com/0xOpenBytes/c";
			requirement = {
				kind = upToNextMajorVersion;
				minimumVersion = 3.0.0;
			};
		};
/* End XCRemoteSwiftPackageReference section */

/* Begin XCSwiftPackageProductDependency section */
		2937EBC029636CE500BBC0E6 /* Fork */ = {
			isa = XCSwiftPackageProductDependency;
			package = 2937EBBF29636CE500BBC0E6 /* XCRemoteSwiftPackageReference "Fork" */;
			productName = Fork;
		};
		2937EBC329636D0600BBC0E6 /* o */ = {
			isa = XCSwiftPackageProductDependency;
			package = 2937EBC229636D0600BBC0E6 /* XCRemoteSwiftPackageReference "o" */;
			productName = o;
		};
		2937EBC629636D1500BBC0E6 /* c */ = {
			isa = XCSwiftPackageProductDependency;
			package = 2937EBC529636D1500BBC0E6 /* XCRemoteSwiftPackageReference "c" */;
			productName = c;
		};
/* End XCSwiftPackageProductDependency section */
	};
	rootObject = 2937EAE1296368B200BBC0E6 /* Project object */;
}
