// !$*UTF8*$!
{
	archiveVersion = 1;
	classes = {
	};
	objectVersion = 54;
	objects = {

/* Begin PBXBuildFile section */
		00DF8BF03A390BFFC268ABA4 /* DiskCapabilities.swift in Sources */ = {isa = PBXBuildFile; fileRef = 14FFDCDAA4C0BBBE1A5B3C0F /* DiskCapabilities.swift */; };
		01EBB075AAEED3433592081A /* DataCache.swift in Sources */ = {isa = PBXBuildFile; fileRef = BDD052982611272F2C5721C5 /* DataCache.swift */; };
		045DFC507D30D9B3A23C1873 /* ActionSheetPresenting.swift in Sources */ = {isa = PBXBuildFile; fileRef = FF801CCDEB442934DED34904 /* ActionSheetPresenting.swift */; };
		055FEA6D5AE80725BC14A0BE /* ProfileScreen.swift in Sources */ = {isa = PBXBuildFile; fileRef = 9BFD6B5F070AB3A1645F0491 /* ProfileScreen.swift */; };
		0840ECEB0B1100E8FB52BEDA /* NotifcationCapabilities.swift in Sources */ = {isa = PBXBuildFile; fileRef = BE930F882AAF3F6A5427F81C /* NotifcationCapabilities.swift */; };
		09F259F6F4C74D70D6B01388 /* NetworkUser.swift in Sources */ = {isa = PBXBuildFile; fileRef = F809D727135713FD4D50CDBC /* NetworkUser.swift */; };
		0E9A71B7326D6E0D7448866A /* BackwardNavigatable.swift in Sources */ = {isa = PBXBuildFile; fileRef = F794E5152681CF6A1F022ED4 /* BackwardNavigatable.swift */; };
		0F0E91832ABF3C2C647E65D2 /* AuthNetworking.swift in Sources */ = {isa = PBXBuildFile; fileRef = E7D52107FC49987B45973B11 /* AuthNetworking.swift */; };
		0F36A9EACFF692F82509BA79 /* Navigation.swift in Sources */ = {isa = PBXBuildFile; fileRef = E4AF6BA9294269382FB87D7E /* Navigation.swift */; };
		0FC83070F90F351C7BB6790E /* baseTests.swift in Sources */ = {isa = PBXBuildFile; fileRef = 218895A603C3C98A470CD674 /* baseTests.swift */; };
		1474BD54D216988E4EA63B69 /* Mock.swift in Sources */ = {isa = PBXBuildFile; fileRef = 55086A37F633BC67C8EFC459 /* Mock.swift */; };
		15148AA23BD1F276C89EDE16 /* RegisterViewModelTests.swift in Sources */ = {isa = PBXBuildFile; fileRef = C0942BE5777BD7027A186D66 /* RegisterViewModelTests.swift */; };
		20C19171687C2161312C844D /* AuthNetworking+Default.swift in Sources */ = {isa = PBXBuildFile; fileRef = 0257F076311732C6D7176F7B /* AuthNetworking+Default.swift */; };
		24FA6A53EDACAAE156D6D7BE /* ModalPresenting.swift in Sources */ = {isa = PBXBuildFile; fileRef = 837C2BC28DF9A27F44FCEFF8 /* ModalPresenting.swift */; };
		2A6849C810BBAB6C032B5CC8 /* CartographyAlert.swift in Sources */ = {isa = PBXBuildFile; fileRef = 299070003689E84D7EBC91BB /* CartographyAlert.swift */; };
		2B2BF34659D9E23922339B9A /* CartographyView.swift in Sources */ = {isa = PBXBuildFile; fileRef = C5EBE6EABEF26D473A49E7E3 /* CartographyView.swift */; };
		33F7E2CE4031064386BBFA07 /* ImageCache.swift in Sources */ = {isa = PBXBuildFile; fileRef = B94095C1E89260D7C719E97B /* ImageCache.swift */; };
		371A1B839C29A22CE65521EE /* AlertPresenting.swift in Sources */ = {isa = PBXBuildFile; fileRef = C38E470FDA1A82451FC83EE8 /* AlertPresenting.swift */; };
		37D5E247724B1E8F21878F83 /* DataCacheTests.swift in Sources */ = {isa = PBXBuildFile; fileRef = F0968C1EB69C37B09DC6932A /* DataCacheTests.swift */; };
		410183DD090382D1191EA328 /* AuthNetworking+Models.swift in Sources */ = {isa = PBXBuildFile; fileRef = C6298D9C29FEF684023E7433 /* AuthNetworking+Models.swift */; };
		49DABDB6150B8AC8D99FE72F /* RegisterNetworking.swift in Sources */ = {isa = PBXBuildFile; fileRef = 3089FA4834DBAC750BE9F41E /* RegisterNetworking.swift */; };
		4B64418A046176CF72CCA63E /* SearchScreen.swift in Sources */ = {isa = PBXBuildFile; fileRef = 08AE098A18A061CB4950A9C4 /* SearchScreen.swift */; };
		4F8A9676778AF11BA0FD84D6 /* DataCaching.swift in Sources */ = {isa = PBXBuildFile; fileRef = F8DD688529C63CDCB8833211 /* DataCaching.swift */; };
		51053370650584CCBA2149A5 /* ToastStyle.swift in Sources */ = {isa = PBXBuildFile; fileRef = F2B0E8CD804A56F8FDD16073 /* ToastStyle.swift */; };
		52988FF5F72A5E369C6AA129 /* Usable.swift in Sources */ = {isa = PBXBuildFile; fileRef = 45BAB6839BF48FCE3C7E1B9C /* Usable.swift */; };
		5B1F27F73001DC68E25918C6 /* ToastPresenting.swift in Sources */ = {isa = PBXBuildFile; fileRef = 6119057911EDA85931E963AF /* ToastPresenting.swift */; };
		5D06250405088690C5DA54C4 /* ToastModifier.swift in Sources */ = {isa = PBXBuildFile; fileRef = EA4EF3F60943D86C1ACE06D1 /* ToastModifier.swift */; };
		5D3F51268D21B81AAD9ED11E /* Preview Assets.xcassets in Resources */ = {isa = PBXBuildFile; fileRef = 99F2E19EA1043A26B80C01D7 /* Preview Assets.xcassets */; };
		6E8317CC1448DF29D3EBA141 /* ForwardNavigatable.swift in Sources */ = {isa = PBXBuildFile; fileRef = 43F1926E84689521E13BB6F9 /* ForwardNavigatable.swift */; };
		7196ABC53E6BD36D41BA46EA /* UserAdapter.swift in Sources */ = {isa = PBXBuildFile; fileRef = 11CC75C7505FC077E61E214B /* UserAdapter.swift */; };
		805BBB45367F26D9DA5A72B8 /* CartographyPath.swift in Sources */ = {isa = PBXBuildFile; fileRef = C0DABA3768676C6C9A6E4D67 /* CartographyPath.swift */; };
		8AF4B0334CA2E66853524B57 /* RegisterPayloadTests.swift in Sources */ = {isa = PBXBuildFile; fileRef = ED1B97FF4CC7AB08EEDBDE9F /* RegisterPayloadTests.swift */; };
		8DA57D6E9E69E6F4850E1CAD /* o in Frameworks */ = {isa = PBXBuildFile; productRef = 978FE7AE410BF67855AD6E2C /* o */; };
		9381FF460754163BCEE220B6 /* c in Frameworks */ = {isa = PBXBuildFile; productRef = 9AC04F5FC84106F485705A7E /* c */; };
		9804DDC00702AB8F04E7FAE9 /* Adaptable.swift in Sources */ = {isa = PBXBuildFile; fileRef = 0C6A0028123EF24032812BE7 /* Adaptable.swift */; };
		B20A1A672980866500EFF2CC /* Documentation.docc in Sources */ = {isa = PBXBuildFile; fileRef = B20A1A662980866500EFF2CC /* Documentation.docc */; };
		B43C5241F8E4B83453B405DD /* baseApp.swift in Sources */ = {isa = PBXBuildFile; fileRef = 7562C53D88E57423A4970032 /* baseApp.swift */; };
		B6EC910EFE4C52652EEDAD21 /* ToastNotificationView.swift in Sources */ = {isa = PBXBuildFile; fileRef = CF6C7A14951820E17B719C3F /* ToastNotificationView.swift */; };
		BCFE1DCDF74BE9B1F9932677 /* RootView.swift in Sources */ = {isa = PBXBuildFile; fileRef = 422B1B7F84B106B6F1A20162 /* RootView.swift */; };
		BE2341D695AA15F3CC02AEE7 /* Fork in Frameworks */ = {isa = PBXBuildFile; productRef = C36B46154C6B7515F29C0720 /* Fork */; };
		C5481522C996B93224899BB7 /* HomeScreen.swift in Sources */ = {isa = PBXBuildFile; fileRef = 53CD5C35CE12F1A6E7D4CCD0 /* HomeScreen.swift */; };
		C6C64A633BA60E5A3B99B32A /* AppSettings.swift in Sources */ = {isa = PBXBuildFile; fileRef = 5C3A0DEE98600BBB77313AB5 /* AppSettings.swift */; };
		CA0E72A81DF304FF01467CAF /* ExampleAdapterTest.swift in Sources */ = {isa = PBXBuildFile; fileRef = 2F3F7D4CC5D98535B2A819F8 /* ExampleAdapterTest.swift */; };
		D268A7311EB906329E27AF49 /* CartographyToast.swift in Sources */ = {isa = PBXBuildFile; fileRef = 1EB0342439E706CD3C94E87F /* CartographyToast.swift */; };
		D68FE766266A8F4FF66B56BE /* ImageCacheTests.swift in Sources */ = {isa = PBXBuildFile; fileRef = 775395466412B401BBDD7415 /* ImageCacheTests.swift */; };
		DAD66029F243AB60601C303F /* mock-user.json in Resources */ = {isa = PBXBuildFile; fileRef = 3E77ADE3DB48088D51C32D36 /* mock-user.json */; };
		DB297885F39BC09E4F51C269 /* ColorAdapter.swift in Sources */ = {isa = PBXBuildFile; fileRef = 4E484DE492F158CCC15F05E3 /* ColorAdapter.swift */; };
		DB9F89BF24B677D85E575E28 /* RegisterViewModel.swift in Sources */ = {isa = PBXBuildFile; fileRef = EBF52596270EB738C206CFBB /* RegisterViewModel.swift */; };
		E3669FC6AA76F08AD5FD56BC /* NetworkColor.swift in Sources */ = {isa = PBXBuildFile; fileRef = 0392013488F207E156DC4003 /* NetworkColor.swift */; };
		E4F9CBED10D62F3C35D1CE9F /* RegisterFields.swift in Sources */ = {isa = PBXBuildFile; fileRef = 34D2911B4945D4EB92590423 /* RegisterFields.swift */; };
		EE10BBB7857BC4031D276206 /* Taskable.swift in Sources */ = {isa = PBXBuildFile; fileRef = 19E3345755E69567B17EBFC6 /* Taskable.swift */; };
		F0087655C11C80A856B3190B /* NetworkCapabilities.swift in Sources */ = {isa = PBXBuildFile; fileRef = 13C922F9A8809A3F9C72ECD8 /* NetworkCapabilities.swift */; };
		F0FE1335C53242D98CEA11C9 /* CartographyModal.swift in Sources */ = {isa = PBXBuildFile; fileRef = 73C84C942B23328375803EBE /* CartographyModal.swift */; };
		F33196670086675C9CA2709D /* MockData.swift in Sources */ = {isa = PBXBuildFile; fileRef = 7FCD411CC11176F6B44EE4BC /* MockData.swift */; };
		F74B367C4BEFFFEDC0A61181 /* User.swift in Sources */ = {isa = PBXBuildFile; fileRef = D036E3424AE5A55ABED7C18C /* User.swift */; };
		F77860244584D04A77878DF3 /* ImageView.swift in Sources */ = {isa = PBXBuildFile; fileRef = F4F0E788FCD2EFC6393787ED /* ImageView.swift */; };
		FAA85D1D84D967713018D113 /* CartographyActionSheet.swift in Sources */ = {isa = PBXBuildFile; fileRef = EE0EFBA564B3F61B1B8AF296 /* CartographyActionSheet.swift */; };
		FAAFF869FD808BA1ACBFD03B /* Assets.xcassets in Resources */ = {isa = PBXBuildFile; fileRef = 79BA7B88D893EE6FB23F0A17 /* Assets.xcassets */; };
		FBD652BFF1A2545711C2A4A0 /* RegisterScreen.swift in Sources */ = {isa = PBXBuildFile; fileRef = 7010BA10962686EA6B0F3D89 /* RegisterScreen.swift */; };
/* End PBXBuildFile section */

/* Begin PBXContainerItemProxy section */
		069B9781193732E6DDA1A506 /* PBXContainerItemProxy */ = {
			isa = PBXContainerItemProxy;
			containerPortal = BE8CF2B5AFEA925C2B285643 /* Project object */;
			proxyType = 1;
			remoteGlobalIDString = DF1016DAD4611E7FCD642455;
			remoteInfo = base;
		};
/* End PBXContainerItemProxy section */

/* Begin PBXFileReference section */
		0257F076311732C6D7176F7B /* AuthNetworking+Default.swift */ = {isa = PBXFileReference; lastKnownFileType = sourcecode.swift; path = "AuthNetworking+Default.swift"; sourceTree = "<group>"; };
		0392013488F207E156DC4003 /* NetworkColor.swift */ = {isa = PBXFileReference; lastKnownFileType = sourcecode.swift; path = NetworkColor.swift; sourceTree = "<group>"; };
		08AE098A18A061CB4950A9C4 /* SearchScreen.swift */ = {isa = PBXFileReference; lastKnownFileType = sourcecode.swift; path = SearchScreen.swift; sourceTree = "<group>"; };
		0C6A0028123EF24032812BE7 /* Adaptable.swift */ = {isa = PBXFileReference; lastKnownFileType = sourcecode.swift; path = Adaptable.swift; sourceTree = "<group>"; };
		11CC75C7505FC077E61E214B /* UserAdapter.swift */ = {isa = PBXFileReference; lastKnownFileType = sourcecode.swift; path = UserAdapter.swift; sourceTree = "<group>"; };
		13C922F9A8809A3F9C72ECD8 /* NetworkCapabilities.swift */ = {isa = PBXFileReference; lastKnownFileType = sourcecode.swift; path = NetworkCapabilities.swift; sourceTree = "<group>"; };
		14FFDCDAA4C0BBBE1A5B3C0F /* DiskCapabilities.swift */ = {isa = PBXFileReference; lastKnownFileType = sourcecode.swift; path = DiskCapabilities.swift; sourceTree = "<group>"; };
		16BDD0848F4C0756FB1C1DA2 /* base.app */ = {isa = PBXFileReference; includeInIndex = 0; lastKnownFileType = wrapper.application; path = base.app; sourceTree = BUILT_PRODUCTS_DIR; };
		19E3345755E69567B17EBFC6 /* Taskable.swift */ = {isa = PBXFileReference; lastKnownFileType = sourcecode.swift; path = Taskable.swift; sourceTree = "<group>"; };
		1EB0342439E706CD3C94E87F /* CartographyToast.swift */ = {isa = PBXFileReference; lastKnownFileType = sourcecode.swift; path = CartographyToast.swift; sourceTree = "<group>"; };
		218895A603C3C98A470CD674 /* baseTests.swift */ = {isa = PBXFileReference; lastKnownFileType = sourcecode.swift; path = baseTests.swift; sourceTree = "<group>"; };
		299070003689E84D7EBC91BB /* CartographyAlert.swift */ = {isa = PBXFileReference; lastKnownFileType = sourcecode.swift; path = CartographyAlert.swift; sourceTree = "<group>"; };
		2F3F7D4CC5D98535B2A819F8 /* ExampleAdapterTest.swift */ = {isa = PBXFileReference; lastKnownFileType = sourcecode.swift; path = ExampleAdapterTest.swift; sourceTree = "<group>"; };
		3089FA4834DBAC750BE9F41E /* RegisterNetworking.swift */ = {isa = PBXFileReference; lastKnownFileType = sourcecode.swift; path = RegisterNetworking.swift; sourceTree = "<group>"; };
		34D2911B4945D4EB92590423 /* RegisterFields.swift */ = {isa = PBXFileReference; lastKnownFileType = sourcecode.swift; path = RegisterFields.swift; sourceTree = "<group>"; };
		3E77ADE3DB48088D51C32D36 /* mock-user.json */ = {isa = PBXFileReference; lastKnownFileType = text.json; path = "mock-user.json"; sourceTree = "<group>"; };
		422B1B7F84B106B6F1A20162 /* RootView.swift */ = {isa = PBXFileReference; lastKnownFileType = sourcecode.swift; path = RootView.swift; sourceTree = "<group>"; };
		43F1926E84689521E13BB6F9 /* ForwardNavigatable.swift */ = {isa = PBXFileReference; lastKnownFileType = sourcecode.swift; path = ForwardNavigatable.swift; sourceTree = "<group>"; };
		45BAB6839BF48FCE3C7E1B9C /* Usable.swift */ = {isa = PBXFileReference; lastKnownFileType = sourcecode.swift; path = Usable.swift; sourceTree = "<group>"; };
		460EB7D4C388610286C747BC /* baseTests.xctest */ = {isa = PBXFileReference; includeInIndex = 0; lastKnownFileType = wrapper.cfbundle; path = baseTests.xctest; sourceTree = BUILT_PRODUCTS_DIR; };
		4E484DE492F158CCC15F05E3 /* ColorAdapter.swift */ = {isa = PBXFileReference; lastKnownFileType = sourcecode.swift; path = ColorAdapter.swift; sourceTree = "<group>"; };
		53CD5C35CE12F1A6E7D4CCD0 /* HomeScreen.swift */ = {isa = PBXFileReference; lastKnownFileType = sourcecode.swift; path = HomeScreen.swift; sourceTree = "<group>"; };
		55086A37F633BC67C8EFC459 /* Mock.swift */ = {isa = PBXFileReference; lastKnownFileType = sourcecode.swift; path = Mock.swift; sourceTree = "<group>"; };
		5C3A0DEE98600BBB77313AB5 /* AppSettings.swift */ = {isa = PBXFileReference; lastKnownFileType = sourcecode.swift; path = AppSettings.swift; sourceTree = "<group>"; };
		6119057911EDA85931E963AF /* ToastPresenting.swift */ = {isa = PBXFileReference; lastKnownFileType = sourcecode.swift; path = ToastPresenting.swift; sourceTree = "<group>"; };
		7010BA10962686EA6B0F3D89 /* RegisterScreen.swift */ = {isa = PBXFileReference; lastKnownFileType = sourcecode.swift; path = RegisterScreen.swift; sourceTree = "<group>"; };
		73C84C942B23328375803EBE /* CartographyModal.swift */ = {isa = PBXFileReference; lastKnownFileType = sourcecode.swift; path = CartographyModal.swift; sourceTree = "<group>"; };
		7562C53D88E57423A4970032 /* baseApp.swift */ = {isa = PBXFileReference; lastKnownFileType = sourcecode.swift; path = baseApp.swift; sourceTree = "<group>"; };
		775395466412B401BBDD7415 /* ImageCacheTests.swift */ = {isa = PBXFileReference; lastKnownFileType = sourcecode.swift; path = ImageCacheTests.swift; sourceTree = "<group>"; };
		79BA7B88D893EE6FB23F0A17 /* Assets.xcassets */ = {isa = PBXFileReference; lastKnownFileType = folder.assetcatalog; path = Assets.xcassets; sourceTree = "<group>"; };
		7FCD411CC11176F6B44EE4BC /* MockData.swift */ = {isa = PBXFileReference; lastKnownFileType = sourcecode.swift; path = MockData.swift; sourceTree = "<group>"; };
		837C2BC28DF9A27F44FCEFF8 /* ModalPresenting.swift */ = {isa = PBXFileReference; lastKnownFileType = sourcecode.swift; path = ModalPresenting.swift; sourceTree = "<group>"; };
		99F2E19EA1043A26B80C01D7 /* Preview Assets.xcassets */ = {isa = PBXFileReference; lastKnownFileType = folder.assetcatalog; path = "Preview Assets.xcassets"; sourceTree = "<group>"; };
		9BFD6B5F070AB3A1645F0491 /* ProfileScreen.swift */ = {isa = PBXFileReference; lastKnownFileType = sourcecode.swift; path = ProfileScreen.swift; sourceTree = "<group>"; };
		B20A1A662980866500EFF2CC /* Documentation.docc */ = {isa = PBXFileReference; lastKnownFileType = folder.documentationcatalog; path = Documentation.docc; sourceTree = "<group>"; };
		B94095C1E89260D7C719E97B /* ImageCache.swift */ = {isa = PBXFileReference; lastKnownFileType = sourcecode.swift; path = ImageCache.swift; sourceTree = "<group>"; };
		BDD052982611272F2C5721C5 /* DataCache.swift */ = {isa = PBXFileReference; lastKnownFileType = sourcecode.swift; path = DataCache.swift; sourceTree = "<group>"; };
		BE930F882AAF3F6A5427F81C /* NotifcationCapabilities.swift */ = {isa = PBXFileReference; lastKnownFileType = sourcecode.swift; path = NotifcationCapabilities.swift; sourceTree = "<group>"; };
		C0942BE5777BD7027A186D66 /* RegisterViewModelTests.swift */ = {isa = PBXFileReference; lastKnownFileType = sourcecode.swift; path = RegisterViewModelTests.swift; sourceTree = "<group>"; };
		C0DABA3768676C6C9A6E4D67 /* CartographyPath.swift */ = {isa = PBXFileReference; lastKnownFileType = sourcecode.swift; path = CartographyPath.swift; sourceTree = "<group>"; };
		C38E470FDA1A82451FC83EE8 /* AlertPresenting.swift */ = {isa = PBXFileReference; lastKnownFileType = sourcecode.swift; path = AlertPresenting.swift; sourceTree = "<group>"; };
		C5EBE6EABEF26D473A49E7E3 /* CartographyView.swift */ = {isa = PBXFileReference; lastKnownFileType = sourcecode.swift; path = CartographyView.swift; sourceTree = "<group>"; };
		C6298D9C29FEF684023E7433 /* AuthNetworking+Models.swift */ = {isa = PBXFileReference; lastKnownFileType = sourcecode.swift; path = "AuthNetworking+Models.swift"; sourceTree = "<group>"; };
		CF6C7A14951820E17B719C3F /* ToastNotificationView.swift */ = {isa = PBXFileReference; lastKnownFileType = sourcecode.swift; path = ToastNotificationView.swift; sourceTree = "<group>"; };
		D036E3424AE5A55ABED7C18C /* User.swift */ = {isa = PBXFileReference; lastKnownFileType = sourcecode.swift; path = User.swift; sourceTree = "<group>"; };
		E4AF6BA9294269382FB87D7E /* Navigation.swift */ = {isa = PBXFileReference; lastKnownFileType = sourcecode.swift; path = Navigation.swift; sourceTree = "<group>"; };
		E7D52107FC49987B45973B11 /* AuthNetworking.swift */ = {isa = PBXFileReference; lastKnownFileType = sourcecode.swift; path = AuthNetworking.swift; sourceTree = "<group>"; };
		EA4EF3F60943D86C1ACE06D1 /* ToastModifier.swift */ = {isa = PBXFileReference; lastKnownFileType = sourcecode.swift; path = ToastModifier.swift; sourceTree = "<group>"; };
		EBF52596270EB738C206CFBB /* RegisterViewModel.swift */ = {isa = PBXFileReference; lastKnownFileType = sourcecode.swift; path = RegisterViewModel.swift; sourceTree = "<group>"; };
		ED1B97FF4CC7AB08EEDBDE9F /* RegisterPayloadTests.swift */ = {isa = PBXFileReference; lastKnownFileType = sourcecode.swift; path = RegisterPayloadTests.swift; sourceTree = "<group>"; };
		EE0EFBA564B3F61B1B8AF296 /* CartographyActionSheet.swift */ = {isa = PBXFileReference; lastKnownFileType = sourcecode.swift; path = CartographyActionSheet.swift; sourceTree = "<group>"; };
		EFB6C23EEC0F78D1EA6CA267 /* Info.plist */ = {isa = PBXFileReference; lastKnownFileType = text.plist; path = Info.plist; sourceTree = "<group>"; };
		F0968C1EB69C37B09DC6932A /* DataCacheTests.swift */ = {isa = PBXFileReference; lastKnownFileType = sourcecode.swift; path = DataCacheTests.swift; sourceTree = "<group>"; };
		F2B0E8CD804A56F8FDD16073 /* ToastStyle.swift */ = {isa = PBXFileReference; lastKnownFileType = sourcecode.swift; path = ToastStyle.swift; sourceTree = "<group>"; };
		F46DBC6E748098280D5DAA14 /* Info.plist */ = {isa = PBXFileReference; lastKnownFileType = text.plist; path = Info.plist; sourceTree = "<group>"; };
		F4F0E788FCD2EFC6393787ED /* ImageView.swift */ = {isa = PBXFileReference; lastKnownFileType = sourcecode.swift; path = ImageView.swift; sourceTree = "<group>"; };
		F794E5152681CF6A1F022ED4 /* BackwardNavigatable.swift */ = {isa = PBXFileReference; lastKnownFileType = sourcecode.swift; path = BackwardNavigatable.swift; sourceTree = "<group>"; };
		F809D727135713FD4D50CDBC /* NetworkUser.swift */ = {isa = PBXFileReference; lastKnownFileType = sourcecode.swift; path = NetworkUser.swift; sourceTree = "<group>"; };
		F8DD688529C63CDCB8833211 /* DataCaching.swift */ = {isa = PBXFileReference; lastKnownFileType = sourcecode.swift; path = DataCaching.swift; sourceTree = "<group>"; };
		FF801CCDEB442934DED34904 /* ActionSheetPresenting.swift */ = {isa = PBXFileReference; lastKnownFileType = sourcecode.swift; path = ActionSheetPresenting.swift; sourceTree = "<group>"; };
/* End PBXFileReference section */

/* Begin PBXFrameworksBuildPhase section */
		459ED6249C3AE3DD41483DD8 /* Frameworks */ = {
			isa = PBXFrameworksBuildPhase;
			buildActionMask = 2147483647;
			files = (
				BE2341D695AA15F3CC02AEE7 /* Fork in Frameworks */,
				8DA57D6E9E69E6F4850E1CAD /* o in Frameworks */,
				9381FF460754163BCEE220B6 /* c in Frameworks */,
			);
			runOnlyForDeploymentPostprocessing = 0;
		};
/* End PBXFrameworksBuildPhase section */

/* Begin PBXGroup section */
		09E7FE185F4D31D9BD2C1A7F /* Mock */ = {
			isa = PBXGroup;
			children = (
				55086A37F633BC67C8EFC459 /* Mock.swift */,
				7FCD411CC11176F6B44EE4BC /* MockData.swift */,
			);
			path = Mock;
			sourceTree = "<group>";
		};
		0AF3C03A23E3862B6FD86CD1 /* Navigation */ = {
			isa = PBXGroup;
			children = (
				E4AF6BA9294269382FB87D7E /* Navigation.swift */,
				EABCC5EBD257946E544D12B5 /* Implementation */,
				4DB74F831C2DFEC57D2F0F17 /* Interface */,
			);
			path = Navigation;
			sourceTree = "<group>";
		};
		0BEEA3F9741DE206413EBCAE /* Interface */ = {
			isa = PBXGroup;
			children = (
				E7D52107FC49987B45973B11 /* AuthNetworking.swift */,
				C6298D9C29FEF684023E7433 /* AuthNetworking+Models.swift */,
			);
			path = Interface;
			sourceTree = "<group>";
		};
		1509F4853D7824B25584DDAC /* Caching */ = {
			isa = PBXGroup;
			children = (
				F0968C1EB69C37B09DC6932A /* DataCacheTests.swift */,
				775395466412B401BBDD7415 /* ImageCacheTests.swift */,
			);
			path = Caching;
			sourceTree = "<group>";
		};
		1A195575EE6821A0DB97B6B9 /* UserRegistration */ = {
			isa = PBXGroup;
			children = (
				C0942BE5777BD7027A186D66 /* RegisterViewModelTests.swift */,
			);
			path = UserRegistration;
			sourceTree = "<group>";
		};
		2844DEEEB02FFB4EEB67069A /* Persitence */ = {
			isa = PBXGroup;
			children = (
				1509F4853D7824B25584DDAC /* Caching */,
			);
			path = Persitence;
			sourceTree = "<group>";
		};
		2F6F283B765E616E0624C0AB /* Data */ = {
			isa = PBXGroup;
			children = (
				BDD052982611272F2C5721C5 /* DataCache.swift */,
				F8DD688529C63CDCB8833211 /* DataCaching.swift */,
			);
			path = Data;
			sourceTree = "<group>";
		};
		31B741BA90ECFC0492C327D1 /* Adapters */ = {
			isa = PBXGroup;
			children = (
				2F3F7D4CC5D98535B2A819F8 /* ExampleAdapterTest.swift */,
			);
			path = Adapters;
			sourceTree = "<group>";
		};
		3F366DAD1418803F531028BE /* Preview Content */ = {
			isa = PBXGroup;
			children = (
				99F2E19EA1043A26B80C01D7 /* Preview Assets.xcassets */,
			);
			path = "Preview Content";
			sourceTree = "<group>";
		};
		48846AD4749C615528E39179 /* Views */ = {
			isa = PBXGroup;
			children = (
				E833095F7AEF073B05CB95D0 /* Components */,
			);
			path = Views;
			sourceTree = "<group>";
		};
		4DB74F831C2DFEC57D2F0F17 /* Interface */ = {
			isa = PBXGroup;
			children = (
				FF801CCDEB442934DED34904 /* ActionSheetPresenting.swift */,
				C38E470FDA1A82451FC83EE8 /* AlertPresenting.swift */,
				F794E5152681CF6A1F022ED4 /* BackwardNavigatable.swift */,
				43F1926E84689521E13BB6F9 /* ForwardNavigatable.swift */,
				837C2BC28DF9A27F44FCEFF8 /* ModalPresenting.swift */,
				6119057911EDA85931E963AF /* ToastPresenting.swift */,
			);
			path = Interface;
			sourceTree = "<group>";
		};
		5029EF8B77FD28C86C67DAC6 /* Adapters */ = {
			isa = PBXGroup;
			children = (
				0C6A0028123EF24032812BE7 /* Adaptable.swift */,
				4E484DE492F158CCC15F05E3 /* ColorAdapter.swift */,
				11CC75C7505FC077E61E214B /* UserAdapter.swift */,
			);
			path = Adapters;
			sourceTree = "<group>";
		};
		69ECD3D0F89ECD34AEC130D2 /* Profile */ = {
			isa = PBXGroup;
			children = (
				9BFD6B5F070AB3A1645F0491 /* ProfileScreen.swift */,
				34D2911B4945D4EB92590423 /* RegisterFields.swift */,
				7010BA10962686EA6B0F3D89 /* RegisterScreen.swift */,
				F4AA456E936394BD2BADA4F8 /* Register */,
			);
			path = Profile;
			sourceTree = "<group>";
		};
		702B5C7B7487372334757A9A /* base */ = {
			isa = PBXGroup;
			children = (
				79BA7B88D893EE6FB23F0A17 /* Assets.xcassets */,
				EFB6C23EEC0F78D1EA6CA267 /* Info.plist */,
				A20CD6C42803953337C154C3 /* App */,
				9FBEE1B59A2BE591EA2C5BA4 /* Data */,
				EC27BA6F1D10D3F782454F0D /* FileStorage */,
				0AF3C03A23E3862B6FD86CD1 /* Navigation */,
				C769A9E7578810899822EA34 /* Networking */,
				AA5007D2BBFB9A10C1705DFB /* Notifications */,
				F27296DAC72B93B08AEDE945 /* Persistence */,
				3F366DAD1418803F531028BE /* Preview Content */,
				B9E4A47FB8C557347DF1253E /* Settings */,
				FE9A20FAE24BFA77F1268C97 /* Utilities */,
			);
			path = base;
			sourceTree = "<group>";
		};
		7F45D7F9F83C6A45548103CE /* Image */ = {
			isa = PBXGroup;
			children = (
				B94095C1E89260D7C719E97B /* ImageCache.swift */,
			);
			path = Image;
			sourceTree = "<group>";
		};
		805E705557EB711027FDF148 /* Home */ = {
			isa = PBXGroup;
			children = (
				53CD5C35CE12F1A6E7D4CCD0 /* HomeScreen.swift */,
			);
			path = Home;
			sourceTree = "<group>";
		};
		80E59F1713365AFBB448A78A /* Device */ = {
			isa = PBXGroup;
			children = (
				D036E3424AE5A55ABED7C18C /* User.swift */,
			);
			path = Device;
			sourceTree = "<group>";
		};
		814224F5AA681034FB38D0E1 /* Search */ = {
			isa = PBXGroup;
			children = (
				08AE098A18A061CB4950A9C4 /* SearchScreen.swift */,
			);
			path = Search;
			sourceTree = "<group>";
		};
		8F4D029FAA71D824A5973DCA /* baseTests */ = {
			isa = PBXGroup;
			children = (
				218895A603C3C98A470CD674 /* baseTests.swift */,
				F46DBC6E748098280D5DAA14 /* Info.plist */,
				31B741BA90ECFC0492C327D1 /* Adapters */,
				2844DEEEB02FFB4EEB67069A /* Persitence */,
				1A195575EE6821A0DB97B6B9 /* UserRegistration */,
				9A22F1397540124E11E02702 /* Validation */,
			);
			path = baseTests;
			sourceTree = "<group>";
		};
		9A22F1397540124E11E02702 /* Validation */ = {
			isa = PBXGroup;
			children = (
				ED1B97FF4CC7AB08EEDBDE9F /* RegisterPayloadTests.swift */,
			);
			path = Validation;
			sourceTree = "<group>";
		};
		9E89B9CE2EEC2A4B2F3E9E99 /* Products */ = {
			isa = PBXGroup;
			children = (
				16BDD0848F4C0756FB1C1DA2 /* base.app */,
				460EB7D4C388610286C747BC /* baseTests.xctest */,
			);
			name = Products;
			sourceTree = "<group>";
		};
		9FBEE1B59A2BE591EA2C5BA4 /* Data */ = {
			isa = PBXGroup;
			children = (
				5029EF8B77FD28C86C67DAC6 /* Adapters */,
				80E59F1713365AFBB448A78A /* Device */,
				D91FF1026292171018DD27F5 /* JSON */,
				09E7FE185F4D31D9BD2C1A7F /* Mock */,
				E563947E2C37D461E5E710DE /* Network */,
			);
			path = Data;
			sourceTree = "<group>";
		};
		A20CD6C42803953337C154C3 /* App */ = {
			isa = PBXGroup;
			children = (
				7562C53D88E57423A4970032 /* baseApp.swift */,
				422B1B7F84B106B6F1A20162 /* RootView.swift */,
				805E705557EB711027FDF148 /* Home */,
				69ECD3D0F89ECD34AEC130D2 /* Profile */,
				814224F5AA681034FB38D0E1 /* Search */,
				48846AD4749C615528E39179 /* Views */,
			);
			path = App;
			sourceTree = "<group>";
		};
		A7C482126BB25F764EC6FB7F /* Implementation */ = {
			isa = PBXGroup;
			children = (
				0257F076311732C6D7176F7B /* AuthNetworking+Default.swift */,
				13C922F9A8809A3F9C72ECD8 /* NetworkCapabilities.swift */,
			);
			path = Implementation;
			sourceTree = "<group>";
		};
		AA5007D2BBFB9A10C1705DFB /* Notifications */ = {
			isa = PBXGroup;
			children = (
				BE930F882AAF3F6A5427F81C /* NotifcationCapabilities.swift */,
			);
			path = Notifications;
			sourceTree = "<group>";
		};
		B9E4A47FB8C557347DF1253E /* Settings */ = {
			isa = PBXGroup;
			children = (
				5C3A0DEE98600BBB77313AB5 /* AppSettings.swift */,
			);
			path = Settings;
			sourceTree = "<group>";
		};
		C769A9E7578810899822EA34 /* Networking */ = {
			isa = PBXGroup;
			children = (
				A7C482126BB25F764EC6FB7F /* Implementation */,
				0BEEA3F9741DE206413EBCAE /* Interface */,
			);
			path = Networking;
			sourceTree = "<group>";
		};
		CDC317849A738C98A25DC6F5 = {
			isa = PBXGroup;
			children = (
				B20A1A662980866500EFF2CC /* Documentation.docc */,
				702B5C7B7487372334757A9A /* base */,
				8F4D029FAA71D824A5973DCA /* baseTests */,
				9E89B9CE2EEC2A4B2F3E9E99 /* Products */,
			);
			sourceTree = "<group>";
		};
		D1FF05A698180098FD3B5F27 /* Toast */ = {
			isa = PBXGroup;
			children = (
				EA4EF3F60943D86C1ACE06D1 /* ToastModifier.swift */,
				CF6C7A14951820E17B719C3F /* ToastNotificationView.swift */,
				F2B0E8CD804A56F8FDD16073 /* ToastStyle.swift */,
			);
			path = Toast;
			sourceTree = "<group>";
		};
		D91FF1026292171018DD27F5 /* JSON */ = {
			isa = PBXGroup;
			children = (
				3E77ADE3DB48088D51C32D36 /* mock-user.json */,
			);
			path = JSON;
			sourceTree = "<group>";
		};
		E563947E2C37D461E5E710DE /* Network */ = {
			isa = PBXGroup;
			children = (
				0392013488F207E156DC4003 /* NetworkColor.swift */,
				F809D727135713FD4D50CDBC /* NetworkUser.swift */,
			);
			path = Network;
			sourceTree = "<group>";
		};
		E833095F7AEF073B05CB95D0 /* Components */ = {
			isa = PBXGroup;
			children = (
				F4F0E788FCD2EFC6393787ED /* ImageView.swift */,
			);
			path = Components;
			sourceTree = "<group>";
		};
		EABCC5EBD257946E544D12B5 /* Implementation */ = {
			isa = PBXGroup;
			children = (
				EE0EFBA564B3F61B1B8AF296 /* CartographyActionSheet.swift */,
				299070003689E84D7EBC91BB /* CartographyAlert.swift */,
				73C84C942B23328375803EBE /* CartographyModal.swift */,
				C0DABA3768676C6C9A6E4D67 /* CartographyPath.swift */,
				1EB0342439E706CD3C94E87F /* CartographyToast.swift */,
				C5EBE6EABEF26D473A49E7E3 /* CartographyView.swift */,
				D1FF05A698180098FD3B5F27 /* Toast */,
			);
			path = Implementation;
			sourceTree = "<group>";
		};
		EC27BA6F1D10D3F782454F0D /* FileStorage */ = {
			isa = PBXGroup;
			children = (
				14FFDCDAA4C0BBBE1A5B3C0F /* DiskCapabilities.swift */,
			);
			path = FileStorage;
			sourceTree = "<group>";
		};
		F20731059D9A85FC4C7E3BE1 /* Caching */ = {
			isa = PBXGroup;
			children = (
				2F6F283B765E616E0624C0AB /* Data */,
				7F45D7F9F83C6A45548103CE /* Image */,
			);
			path = Caching;
			sourceTree = "<group>";
		};
		F27296DAC72B93B08AEDE945 /* Persistence */ = {
			isa = PBXGroup;
			children = (
				F20731059D9A85FC4C7E3BE1 /* Caching */,
			);
			path = Persistence;
			sourceTree = "<group>";
		};
		F4AA456E936394BD2BADA4F8 /* Register */ = {
			isa = PBXGroup;
			children = (
				3089FA4834DBAC750BE9F41E /* RegisterNetworking.swift */,
				EBF52596270EB738C206CFBB /* RegisterViewModel.swift */,
			);
			path = Register;
			sourceTree = "<group>";
		};
		FE9A20FAE24BFA77F1268C97 /* Utilities */ = {
			isa = PBXGroup;
			children = (
				19E3345755E69567B17EBFC6 /* Taskable.swift */,
				45BAB6839BF48FCE3C7E1B9C /* Usable.swift */,
			);
			path = Utilities;
			sourceTree = "<group>";
		};
/* End PBXGroup section */

/* Begin PBXNativeTarget section */
		2144EE64796B39378E7F6907 /* baseTests */ = {
			isa = PBXNativeTarget;
			buildConfigurationList = F95E77F2CFED9F156E99C7C7 /* Build configuration list for PBXNativeTarget "baseTests" */;
			buildPhases = (
				9CD94B966FCC1B3E48213236 /* Sources */,
			);
			buildRules = (
			);
			dependencies = (
				A93220F8AB636CCB6895A57C /* PBXTargetDependency */,
			);
			name = baseTests;
			productName = baseTests;
			productReference = 460EB7D4C388610286C747BC /* baseTests.xctest */;
			productType = "com.apple.product-type.bundle.unit-test";
		};
		DF1016DAD4611E7FCD642455 /* base */ = {
			isa = PBXNativeTarget;
			buildConfigurationList = ED9AA475AA05FA80D0278C72 /* Build configuration list for PBXNativeTarget "base" */;
			buildPhases = (
				F97E311F548122B15DAB8B9C /* Sources */,
				3DF447506558F1D9956DF30E /* Swiftlint */,
				1A9F126CE3E37159D66D22BE /* Resources */,
				459ED6249C3AE3DD41483DD8 /* Frameworks */,
			);
			buildRules = (
			);
			dependencies = (
			);
			name = base;
			packageProductDependencies = (
				C36B46154C6B7515F29C0720 /* Fork */,
				978FE7AE410BF67855AD6E2C /* o */,
				9AC04F5FC84106F485705A7E /* c */,
			);
			productName = base;
			productReference = 16BDD0848F4C0756FB1C1DA2 /* base.app */;
			productType = "com.apple.product-type.application";
		};
/* End PBXNativeTarget section */

/* Begin PBXProject section */
		BE8CF2B5AFEA925C2B285643 /* Project object */ = {
			isa = PBXProject;
			attributes = {
				LastUpgradeCheck = 1200;
			};
			buildConfigurationList = AE5CD8FD7B4AC67C8CD37660 /* Build configuration list for PBXProject "base" */;
			compatibilityVersion = "Xcode 11.0";
			developmentRegion = en;
			hasScannedForEncodings = 0;
			knownRegions = (
				Base,
				en,
			);
			mainGroup = CDC317849A738C98A25DC6F5;
			packageReferences = (
				C5B037DB03B3040D83336EDA /* XCRemoteSwiftPackageReference "Fork" */,
				E52E61A911B7709C9A450DBB /* XCRemoteSwiftPackageReference "c" */,
				58CE452380DB4DAEB162F07E /* XCRemoteSwiftPackageReference "o" */,
			);
			projectDirPath = "";
			projectRoot = "";
			targets = (
				DF1016DAD4611E7FCD642455 /* base */,
				2144EE64796B39378E7F6907 /* baseTests */,
			);
		};
/* End PBXProject section */

/* Begin PBXResourcesBuildPhase section */
		1A9F126CE3E37159D66D22BE /* Resources */ = {
			isa = PBXResourcesBuildPhase;
			buildActionMask = 2147483647;
			files = (
				FAAFF869FD808BA1ACBFD03B /* Assets.xcassets in Resources */,
				5D3F51268D21B81AAD9ED11E /* Preview Assets.xcassets in Resources */,
				DAD66029F243AB60601C303F /* mock-user.json in Resources */,
			);
			runOnlyForDeploymentPostprocessing = 0;
		};
/* End PBXResourcesBuildPhase section */

/* Begin PBXShellScriptBuildPhase section */
		3DF447506558F1D9956DF30E /* Swiftlint */ = {
			isa = PBXShellScriptBuildPhase;
			alwaysOutOfDate = 1;
			buildActionMask = 2147483647;
			files = (
			);
			inputFileListPaths = (
			);
			inputPaths = (
			);
			name = Swiftlint;
			outputFileListPaths = (
			);
			outputPaths = (
			);
			runOnlyForDeploymentPostprocessing = 0;
			shellPath = /bin/sh;
			shellScript = "export PATH=\"$PATH:/opt/homebrew/bin\"\nif which swiftlint > /dev/null; then\nswiftlint\nelse\necho \"warning: SwiftLint not installed, download from https://github.com/realm/SwiftLint\"\nfi\n";
		};
/* End PBXShellScriptBuildPhase section */

/* Begin PBXSourcesBuildPhase section */
		9CD94B966FCC1B3E48213236 /* Sources */ = {
			isa = PBXSourcesBuildPhase;
			buildActionMask = 2147483647;
			files = (
				37D5E247724B1E8F21878F83 /* DataCacheTests.swift in Sources */,
				CA0E72A81DF304FF01467CAF /* ExampleAdapterTest.swift in Sources */,
				D68FE766266A8F4FF66B56BE /* ImageCacheTests.swift in Sources */,
				8AF4B0334CA2E66853524B57 /* RegisterPayloadTests.swift in Sources */,
				15148AA23BD1F276C89EDE16 /* RegisterViewModelTests.swift in Sources */,
				0FC83070F90F351C7BB6790E /* baseTests.swift in Sources */,
			);
			runOnlyForDeploymentPostprocessing = 0;
		};
		F97E311F548122B15DAB8B9C /* Sources */ = {
			isa = PBXSourcesBuildPhase;
			buildActionMask = 2147483647;
			files = (
				045DFC507D30D9B3A23C1873 /* ActionSheetPresenting.swift in Sources */,
				9804DDC00702AB8F04E7FAE9 /* Adaptable.swift in Sources */,
				371A1B839C29A22CE65521EE /* AlertPresenting.swift in Sources */,
				C6C64A633BA60E5A3B99B32A /* AppSettings.swift in Sources */,
				20C19171687C2161312C844D /* AuthNetworking+Default.swift in Sources */,
				410183DD090382D1191EA328 /* AuthNetworking+Models.swift in Sources */,
				0F0E91832ABF3C2C647E65D2 /* AuthNetworking.swift in Sources */,
				0E9A71B7326D6E0D7448866A /* BackwardNavigatable.swift in Sources */,
				FAA85D1D84D967713018D113 /* CartographyActionSheet.swift in Sources */,
				2A6849C810BBAB6C032B5CC8 /* CartographyAlert.swift in Sources */,
				F0FE1335C53242D98CEA11C9 /* CartographyModal.swift in Sources */,
				805BBB45367F26D9DA5A72B8 /* CartographyPath.swift in Sources */,
				D268A7311EB906329E27AF49 /* CartographyToast.swift in Sources */,
				2B2BF34659D9E23922339B9A /* CartographyView.swift in Sources */,
				DB297885F39BC09E4F51C269 /* ColorAdapter.swift in Sources */,
				01EBB075AAEED3433592081A /* DataCache.swift in Sources */,
				4F8A9676778AF11BA0FD84D6 /* DataCaching.swift in Sources */,
				00DF8BF03A390BFFC268ABA4 /* DiskCapabilities.swift in Sources */,
				6E8317CC1448DF29D3EBA141 /* ForwardNavigatable.swift in Sources */,
				B20A1A672980866500EFF2CC /* Documentation.docc in Sources */,
				C5481522C996B93224899BB7 /* HomeScreen.swift in Sources */,
				33F7E2CE4031064386BBFA07 /* ImageCache.swift in Sources */,
				F77860244584D04A77878DF3 /* ImageView.swift in Sources */,
				1474BD54D216988E4EA63B69 /* Mock.swift in Sources */,
				F33196670086675C9CA2709D /* MockData.swift in Sources */,
				24FA6A53EDACAAE156D6D7BE /* ModalPresenting.swift in Sources */,
				0F36A9EACFF692F82509BA79 /* Navigation.swift in Sources */,
				F0087655C11C80A856B3190B /* NetworkCapabilities.swift in Sources */,
				E3669FC6AA76F08AD5FD56BC /* NetworkColor.swift in Sources */,
				09F259F6F4C74D70D6B01388 /* NetworkUser.swift in Sources */,
				0840ECEB0B1100E8FB52BEDA /* NotifcationCapabilities.swift in Sources */,
				055FEA6D5AE80725BC14A0BE /* ProfileScreen.swift in Sources */,
				E4F9CBED10D62F3C35D1CE9F /* RegisterFields.swift in Sources */,
				49DABDB6150B8AC8D99FE72F /* RegisterNetworking.swift in Sources */,
				FBD652BFF1A2545711C2A4A0 /* RegisterScreen.swift in Sources */,
				DB9F89BF24B677D85E575E28 /* RegisterViewModel.swift in Sources */,
				BCFE1DCDF74BE9B1F9932677 /* RootView.swift in Sources */,
				4B64418A046176CF72CCA63E /* SearchScreen.swift in Sources */,
				EE10BBB7857BC4031D276206 /* Taskable.swift in Sources */,
				5D06250405088690C5DA54C4 /* ToastModifier.swift in Sources */,
				B6EC910EFE4C52652EEDAD21 /* ToastNotificationView.swift in Sources */,
				5B1F27F73001DC68E25918C6 /* ToastPresenting.swift in Sources */,
				51053370650584CCBA2149A5 /* ToastStyle.swift in Sources */,
				52988FF5F72A5E369C6AA129 /* Usable.swift in Sources */,
				F74B367C4BEFFFEDC0A61181 /* User.swift in Sources */,
				7196ABC53E6BD36D41BA46EA /* UserAdapter.swift in Sources */,
				B43C5241F8E4B83453B405DD /* baseApp.swift in Sources */,
			);
			runOnlyForDeploymentPostprocessing = 0;
		};
/* End PBXSourcesBuildPhase section */

/* Begin PBXTargetDependency section */
		A93220F8AB636CCB6895A57C /* PBXTargetDependency */ = {
			isa = PBXTargetDependency;
			target = DF1016DAD4611E7FCD642455 /* base */;
			targetProxy = 069B9781193732E6DDA1A506 /* PBXContainerItemProxy */;
		};
/* End PBXTargetDependency section */

/* Begin XCBuildConfiguration section */
		1F495307B1BEC39B8E78D08C /* Release */ = {
			isa = XCBuildConfiguration;
			buildSettings = {
				BUNDLE_LOADER = "$(TEST_HOST)";
				INFOPLIST_FILE = baseTests/Info.plist;
				IPHONEOS_DEPLOYMENT_TARGET = 16.0;
				LD_RUNPATH_SEARCH_PATHS = (
					"$(inherited)",
					"@executable_path/Frameworks",
					"@loader_path/Frameworks",
				);
				PRODUCT_BUNDLE_IDENTIFIER = com.base.baseTests;
				SDKROOT = iphoneos;
				TARGETED_DEVICE_FAMILY = "1,2";
				TEST_HOST = "$(BUILT_PRODUCTS_DIR)/base.app/base";
			};
			name = Release;
		};
		B4183850FF121D7BDB6E327E /* Debug */ = {
			isa = XCBuildConfiguration;
			buildSettings = {
				BUNDLE_LOADER = "$(TEST_HOST)";
				INFOPLIST_FILE = baseTests/Info.plist;
				IPHONEOS_DEPLOYMENT_TARGET = 16.0;
				LD_RUNPATH_SEARCH_PATHS = (
					"$(inherited)",
					"@executable_path/Frameworks",
					"@loader_path/Frameworks",
				);
				PRODUCT_BUNDLE_IDENTIFIER = com.base.baseTests;
				SDKROOT = iphoneos;
				TARGETED_DEVICE_FAMILY = "1,2";
				TEST_HOST = "$(BUILT_PRODUCTS_DIR)/base.app/base";
			};
			name = Debug;
		};
		BF6B987ABDEF963FCE894FFC /* Release */ = {
			isa = XCBuildConfiguration;
			buildSettings = {
				ALWAYS_SEARCH_USER_PATHS = NO;
				CLANG_ANALYZER_NONNULL = YES;
				CLANG_ANALYZER_NUMBER_OBJECT_CONVERSION = YES_AGGRESSIVE;
				CLANG_CXX_LANGUAGE_STANDARD = "gnu++14";
				CLANG_CXX_LIBRARY = "libc++";
				CLANG_ENABLE_MODULES = YES;
				CLANG_ENABLE_OBJC_ARC = YES;
				CLANG_ENABLE_OBJC_WEAK = YES;
				CLANG_WARN_BLOCK_CAPTURE_AUTORELEASING = YES;
				CLANG_WARN_BOOL_CONVERSION = YES;
				CLANG_WARN_COMMA = YES;
				CLANG_WARN_CONSTANT_CONVERSION = YES;
				CLANG_WARN_DEPRECATED_OBJC_IMPLEMENTATIONS = YES;
				CLANG_WARN_DIRECT_OBJC_ISA_USAGE = YES_ERROR;
				CLANG_WARN_DOCUMENTATION_COMMENTS = YES;
				CLANG_WARN_EMPTY_BODY = YES;
				CLANG_WARN_ENUM_CONVERSION = YES;
				CLANG_WARN_INFINITE_RECURSION = YES;
				CLANG_WARN_INT_CONVERSION = YES;
				CLANG_WARN_NON_LITERAL_NULL_CONVERSION = YES;
				CLANG_WARN_OBJC_IMPLICIT_RETAIN_SELF = YES;
				CLANG_WARN_OBJC_LITERAL_CONVERSION = YES;
				CLANG_WARN_OBJC_ROOT_CLASS = YES_ERROR;
				CLANG_WARN_QUOTED_INCLUDE_IN_FRAMEWORK_HEADER = YES;
				CLANG_WARN_RANGE_LOOP_ANALYSIS = YES;
				CLANG_WARN_STRICT_PROTOTYPES = YES;
				CLANG_WARN_SUSPICIOUS_MOVE = YES;
				CLANG_WARN_UNGUARDED_AVAILABILITY = YES_AGGRESSIVE;
				CLANG_WARN_UNREACHABLE_CODE = YES;
				CLANG_WARN__DUPLICATE_METHOD_MATCH = YES;
				COPY_PHASE_STRIP = NO;
				DEBUG_INFORMATION_FORMAT = "dwarf-with-dsym";
				ENABLE_NS_ASSERTIONS = NO;
				ENABLE_STRICT_OBJC_MSGSEND = YES;
				GCC_C_LANGUAGE_STANDARD = gnu11;
				GCC_NO_COMMON_BLOCKS = YES;
				GCC_WARN_64_TO_32_BIT_CONVERSION = YES;
				GCC_WARN_ABOUT_RETURN_TYPE = YES_ERROR;
				GCC_WARN_UNDECLARED_SELECTOR = YES;
				GCC_WARN_UNINITIALIZED_AUTOS = YES_AGGRESSIVE;
				GCC_WARN_UNUSED_FUNCTION = YES;
				GCC_WARN_UNUSED_VARIABLE = YES;
				MTL_ENABLE_DEBUG_INFO = NO;
				MTL_FAST_MATH = YES;
				PRODUCT_NAME = "$(TARGET_NAME)";
				SDKROOT = iphoneos;
				SWIFT_COMPILATION_MODE = wholemodule;
				SWIFT_OPTIMIZATION_LEVEL = "-O";
				SWIFT_VERSION = 5.0;
			};
			name = Release;
		};
		CCCE90328A54CFDBFB1E2D00 /* Debug */ = {
			isa = XCBuildConfiguration;
			buildSettings = {
				ALWAYS_SEARCH_USER_PATHS = NO;
				CLANG_ANALYZER_NONNULL = YES;
				CLANG_ANALYZER_NUMBER_OBJECT_CONVERSION = YES_AGGRESSIVE;
				CLANG_CXX_LANGUAGE_STANDARD = "gnu++14";
				CLANG_CXX_LIBRARY = "libc++";
				CLANG_ENABLE_MODULES = YES;
				CLANG_ENABLE_OBJC_ARC = YES;
				CLANG_ENABLE_OBJC_WEAK = YES;
				CLANG_WARN_BLOCK_CAPTURE_AUTORELEASING = YES;
				CLANG_WARN_BOOL_CONVERSION = YES;
				CLANG_WARN_COMMA = YES;
				CLANG_WARN_CONSTANT_CONVERSION = YES;
				CLANG_WARN_DEPRECATED_OBJC_IMPLEMENTATIONS = YES;
				CLANG_WARN_DIRECT_OBJC_ISA_USAGE = YES_ERROR;
				CLANG_WARN_DOCUMENTATION_COMMENTS = YES;
				CLANG_WARN_EMPTY_BODY = YES;
				CLANG_WARN_ENUM_CONVERSION = YES;
				CLANG_WARN_INFINITE_RECURSION = YES;
				CLANG_WARN_INT_CONVERSION = YES;
				CLANG_WARN_NON_LITERAL_NULL_CONVERSION = YES;
				CLANG_WARN_OBJC_IMPLICIT_RETAIN_SELF = YES;
				CLANG_WARN_OBJC_LITERAL_CONVERSION = YES;
				CLANG_WARN_OBJC_ROOT_CLASS = YES_ERROR;
				CLANG_WARN_QUOTED_INCLUDE_IN_FRAMEWORK_HEADER = YES;
				CLANG_WARN_RANGE_LOOP_ANALYSIS = YES;
				CLANG_WARN_STRICT_PROTOTYPES = YES;
				CLANG_WARN_SUSPICIOUS_MOVE = YES;
				CLANG_WARN_UNGUARDED_AVAILABILITY = YES_AGGRESSIVE;
				CLANG_WARN_UNREACHABLE_CODE = YES;
				CLANG_WARN__DUPLICATE_METHOD_MATCH = YES;
				COPY_PHASE_STRIP = NO;
				DEBUG_INFORMATION_FORMAT = dwarf;
				ENABLE_STRICT_OBJC_MSGSEND = YES;
				ENABLE_TESTABILITY = YES;
				GCC_C_LANGUAGE_STANDARD = gnu11;
				GCC_DYNAMIC_NO_PIC = NO;
				GCC_NO_COMMON_BLOCKS = YES;
				GCC_OPTIMIZATION_LEVEL = 0;
				GCC_PREPROCESSOR_DEFINITIONS = (
					"$(inherited)",
					"DEBUG=1",
				);
				GCC_WARN_64_TO_32_BIT_CONVERSION = YES;
				GCC_WARN_ABOUT_RETURN_TYPE = YES_ERROR;
				GCC_WARN_UNDECLARED_SELECTOR = YES;
				GCC_WARN_UNINITIALIZED_AUTOS = YES_AGGRESSIVE;
				GCC_WARN_UNUSED_FUNCTION = YES;
				GCC_WARN_UNUSED_VARIABLE = YES;
				MTL_ENABLE_DEBUG_INFO = INCLUDE_SOURCE;
				MTL_FAST_MATH = YES;
				ONLY_ACTIVE_ARCH = YES;
				PRODUCT_NAME = "$(TARGET_NAME)";
				SDKROOT = iphoneos;
				SWIFT_ACTIVE_COMPILATION_CONDITIONS = DEBUG;
				SWIFT_OPTIMIZATION_LEVEL = "-Onone";
				SWIFT_VERSION = 5.0;
			};
			name = Debug;
		};
		CD156C0419E4C0805AE17111 /* Debug */ = {
			isa = XCBuildConfiguration;
			buildSettings = {
				ASSETCATALOG_COMPILER_APPICON_NAME = AppIcon;
				CODE_SIGN_IDENTITY = "iPhone Developer";
				INFOPLIST_FILE = base/Info.plist;
				IPHONEOS_DEPLOYMENT_TARGET = 16.0;
				LD_RUNPATH_SEARCH_PATHS = (
					"$(inherited)",
					"@executable_path/Frameworks",
				);
				PRODUCT_BUNDLE_IDENTIFIER = com.base.base;
				SDKROOT = iphoneos;
				TARGETED_DEVICE_FAMILY = "1,2";
			};
			name = Debug;
		};
		ECF1368138D7519CD381E3AC /* Release */ = {
			isa = XCBuildConfiguration;
			buildSettings = {
				ASSETCATALOG_COMPILER_APPICON_NAME = AppIcon;
				CODE_SIGN_IDENTITY = "iPhone Developer";
				INFOPLIST_FILE = base/Info.plist;
				IPHONEOS_DEPLOYMENT_TARGET = 16.0;
				LD_RUNPATH_SEARCH_PATHS = (
					"$(inherited)",
					"@executable_path/Frameworks",
				);
				PRODUCT_BUNDLE_IDENTIFIER = com.base.base;
				SDKROOT = iphoneos;
				TARGETED_DEVICE_FAMILY = "1,2";
			};
			name = Release;
		};
/* End XCBuildConfiguration section */

/* Begin XCConfigurationList section */
		AE5CD8FD7B4AC67C8CD37660 /* Build configuration list for PBXProject "base" */ = {
			isa = XCConfigurationList;
			buildConfigurations = (
				CCCE90328A54CFDBFB1E2D00 /* Debug */,
				BF6B987ABDEF963FCE894FFC /* Release */,
			);
			defaultConfigurationIsVisible = 0;
			defaultConfigurationName = Debug;
		};
		ED9AA475AA05FA80D0278C72 /* Build configuration list for PBXNativeTarget "base" */ = {
			isa = XCConfigurationList;
			buildConfigurations = (
				CD156C0419E4C0805AE17111 /* Debug */,
				ECF1368138D7519CD381E3AC /* Release */,
			);
			defaultConfigurationIsVisible = 0;
			defaultConfigurationName = Debug;
		};
		F95E77F2CFED9F156E99C7C7 /* Build configuration list for PBXNativeTarget "baseTests" */ = {
			isa = XCConfigurationList;
			buildConfigurations = (
				B4183850FF121D7BDB6E327E /* Debug */,
				1F495307B1BEC39B8E78D08C /* Release */,
			);
			defaultConfigurationIsVisible = 0;
			defaultConfigurationName = Debug;
		};
/* End XCConfigurationList section */

/* Begin XCRemoteSwiftPackageReference section */
		58CE452380DB4DAEB162F07E /* XCRemoteSwiftPackageReference "o" */ = {
			isa = XCRemoteSwiftPackageReference;
			repositoryURL = "https://github.com/0xOpenBytes/o";
			requirement = {
				kind = upToNextMajorVersion;
				minimumVersion = 1.0.0;
			};
		};
		C5B037DB03B3040D83336EDA /* XCRemoteSwiftPackageReference "Fork" */ = {
			isa = XCRemoteSwiftPackageReference;
			repositoryURL = "https://github.com/0xLeif/Fork";
			requirement = {
				kind = upToNextMajorVersion;
				minimumVersion = 1.0.0;
			};
		};
		E52E61A911B7709C9A450DBB /* XCRemoteSwiftPackageReference "c" */ = {
			isa = XCRemoteSwiftPackageReference;
			repositoryURL = "https://github.com/0xOpenBytes/c";
			requirement = {
				kind = upToNextMajorVersion;
				minimumVersion = 3.0.0;
			};
		};
/* End XCRemoteSwiftPackageReference section */

/* Begin XCSwiftPackageProductDependency section */
		978FE7AE410BF67855AD6E2C /* o */ = {
			isa = XCSwiftPackageProductDependency;
			package = 58CE452380DB4DAEB162F07E /* XCRemoteSwiftPackageReference "o" */;
			productName = o;
		};
		9AC04F5FC84106F485705A7E /* c */ = {
			isa = XCSwiftPackageProductDependency;
			package = E52E61A911B7709C9A450DBB /* XCRemoteSwiftPackageReference "c" */;
			productName = c;
		};
		C36B46154C6B7515F29C0720 /* Fork */ = {
			isa = XCSwiftPackageProductDependency;
			package = C5B037DB03B3040D83336EDA /* XCRemoteSwiftPackageReference "Fork" */;
			productName = Fork;
		};
/* End XCSwiftPackageProductDependency section */
	};
	rootObject = BE8CF2B5AFEA925C2B285643 /* Project object */;
}
